// !$*UTF8*$!
{
	archiveVersion = 1;
	classes = {
	};
	objectVersion = 46;
	objects = {

/* Begin PBXBuildFile section */
		070472911831FCD1002DCB12 /* 001_1.png in Resources */ = {isa = PBXBuildFile; fileRef = 070472901831FCD1002DCB12 /* 001_1.png */; };
		07047293183202E9002DCB12 /* 001.png in Resources */ = {isa = PBXBuildFile; fileRef = 07047292183202E9002DCB12 /* 001.png */; };
		07047295183207FF002DCB12 /* c-2-1-1.png in Resources */ = {isa = PBXBuildFile; fileRef = 07047294183207FF002DCB12 /* c-2-1-1.png */; };
		0704729718320B5E002DCB12 /* bg.png in Resources */ = {isa = PBXBuildFile; fileRef = 0704729618320B5E002DCB12 /* bg.png */; };
		0704729918321BB7002DCB12 /* tv.png in Resources */ = {isa = PBXBuildFile; fileRef = 0704729818321BB7002DCB12 /* tv.png */; };
		0704729B1832246A002DCB12 /* clock.png in Resources */ = {isa = PBXBuildFile; fileRef = 0704729A1832246A002DCB12 /* clock.png */; };
		0708FB7818458043006B7296 /* NewsViewController.m in Sources */ = {isa = PBXBuildFile; fileRef = 0708FB7718458043006B7296 /* NewsViewController.m */; };
		0708FB7A184580E1006B7296 /* tv_1.png in Resources */ = {isa = PBXBuildFile; fileRef = 0708FB79184580E1006B7296 /* tv_1.png */; };
		0708FB7C18458248006B7296 /* clock_1.png in Resources */ = {isa = PBXBuildFile; fileRef = 0708FB7B18458248006B7296 /* clock_1.png */; };
		0708FB80184593FE006B7296 /* MBProgressHUD.m in Sources */ = {isa = PBXBuildFile; fileRef = 0708FB7E18458CDD006B7296 /* MBProgressHUD.m */; };
		07104C44184F0973007F669D /* MKAnnotationView+WebCache.m in Sources */ = {isa = PBXBuildFile; fileRef = 07104C28184F0973007F669D /* MKAnnotationView+WebCache.m */; };
		07104C45184F0973007F669D /* NSData+GIF.m in Sources */ = {isa = PBXBuildFile; fileRef = 07104C2A184F0973007F669D /* NSData+GIF.m */; };
		07104C46184F0973007F669D /* SDImageCache.m in Sources */ = {isa = PBXBuildFile; fileRef = 07104C2C184F0973007F669D /* SDImageCache.m */; };
		07104C47184F0973007F669D /* SDWebImageCompat.m in Sources */ = {isa = PBXBuildFile; fileRef = 07104C2E184F0973007F669D /* SDWebImageCompat.m */; };
		07104C48184F0973007F669D /* SDWebImageDecoder.m in Sources */ = {isa = PBXBuildFile; fileRef = 07104C30184F0973007F669D /* SDWebImageDecoder.m */; };
		07104C49184F0973007F669D /* SDWebImageDownloader.m in Sources */ = {isa = PBXBuildFile; fileRef = 07104C32184F0973007F669D /* SDWebImageDownloader.m */; };
		07104C4A184F0973007F669D /* SDWebImageDownloaderOperation.m in Sources */ = {isa = PBXBuildFile; fileRef = 07104C34184F0973007F669D /* SDWebImageDownloaderOperation.m */; };
		07104C4B184F0973007F669D /* SDWebImageManager.m in Sources */ = {isa = PBXBuildFile; fileRef = 07104C36184F0973007F669D /* SDWebImageManager.m */; };
		07104C4C184F0973007F669D /* SDWebImagePrefetcher.m in Sources */ = {isa = PBXBuildFile; fileRef = 07104C39184F0973007F669D /* SDWebImagePrefetcher.m */; };
		07104C4D184F0973007F669D /* UIButton+WebCache.m in Sources */ = {isa = PBXBuildFile; fileRef = 07104C3B184F0973007F669D /* UIButton+WebCache.m */; };
		07104C4E184F0973007F669D /* UIImage+GIF.m in Sources */ = {isa = PBXBuildFile; fileRef = 07104C3D184F0973007F669D /* UIImage+GIF.m */; };
		07104C4F184F0973007F669D /* UIImage+MultiFormat.m in Sources */ = {isa = PBXBuildFile; fileRef = 07104C3F184F0973007F669D /* UIImage+MultiFormat.m */; };
		07104C50184F0973007F669D /* UIImage+WebP.m in Sources */ = {isa = PBXBuildFile; fileRef = 07104C41184F0973007F669D /* UIImage+WebP.m */; };
		07104C51184F0973007F669D /* UIImageView+WebCache.m in Sources */ = {isa = PBXBuildFile; fileRef = 07104C43184F0973007F669D /* UIImageView+WebCache.m */; };
		07104C53184F09B1007F669D /* ImageIO.framework in Frameworks */ = {isa = PBXBuildFile; fileRef = 07104C52184F09B1007F669D /* ImageIO.framework */; };
		07104C56184F0D19007F669D /* MapKit.framework in Frameworks */ = {isa = PBXBuildFile; fileRef = 07104C55184F0D19007F669D /* MapKit.framework */; };
		07104C59184F14E8007F669D /* placeholder.png in Resources */ = {isa = PBXBuildFile; fileRef = 07104C57184F14E8007F669D /* placeholder.png */; };
		07104C5A184F14E8007F669D /* placeholder@2x.png in Resources */ = {isa = PBXBuildFile; fileRef = 07104C58184F14E8007F669D /* placeholder@2x.png */; };
		072E63D9183C411A00127A57 /* AnGiang.png in Resources */ = {isa = PBXBuildFile; fileRef = 072E6396183C411A00127A57 /* AnGiang.png */; };
		072E63DA183C411A00127A57 /* BacGiang.png in Resources */ = {isa = PBXBuildFile; fileRef = 072E6397183C411A00127A57 /* BacGiang.png */; };
		072E63DB183C411A00127A57 /* BacKan.png in Resources */ = {isa = PBXBuildFile; fileRef = 072E6398183C411A00127A57 /* BacKan.png */; };
		072E63DC183C411A00127A57 /* Baclieu.png in Resources */ = {isa = PBXBuildFile; fileRef = 072E6399183C411A00127A57 /* Baclieu.png */; };
		072E63DD183C411A00127A57 /* BacNinh.png in Resources */ = {isa = PBXBuildFile; fileRef = 072E639A183C411A00127A57 /* BacNinh.png */; };
		072E63DE183C411A00127A57 /* BaRia_VungTau.png in Resources */ = {isa = PBXBuildFile; fileRef = 072E639B183C411A00127A57 /* BaRia_VungTau.png */; };
		072E63DF183C411A00127A57 /* BenTre.png in Resources */ = {isa = PBXBuildFile; fileRef = 072E639C183C411A00127A57 /* BenTre.png */; };
		072E63E0183C411A00127A57 /* BinhDinh.png in Resources */ = {isa = PBXBuildFile; fileRef = 072E639D183C411A00127A57 /* BinhDinh.png */; };
		072E63E1183C411A00127A57 /* BinhDuong.png in Resources */ = {isa = PBXBuildFile; fileRef = 072E639E183C411A00127A57 /* BinhDuong.png */; };
		072E63E2183C411A00127A57 /* BinhPHuoc.png in Resources */ = {isa = PBXBuildFile; fileRef = 072E639F183C411A00127A57 /* BinhPHuoc.png */; };
		072E63E3183C411A00127A57 /* BinhThuan.png in Resources */ = {isa = PBXBuildFile; fileRef = 072E63A0183C411A00127A57 /* BinhThuan.png */; };
		072E63E4183C411A00127A57 /* Camau.png in Resources */ = {isa = PBXBuildFile; fileRef = 072E63A1183C411A00127A57 /* Camau.png */; };
		072E63E5183C411A00127A57 /* CanTho.png in Resources */ = {isa = PBXBuildFile; fileRef = 072E63A2183C411A00127A57 /* CanTho.png */; };
		072E63E6183C411A00127A57 /* CaoBang.png in Resources */ = {isa = PBXBuildFile; fileRef = 072E63A3183C411A00127A57 /* CaoBang.png */; };
		072E63E7183C411A00127A57 /* ConDao.png in Resources */ = {isa = PBXBuildFile; fileRef = 072E63A4183C411A00127A57 /* ConDao.png */; };
		072E63E8183C411A00127A57 /* DacLac.png in Resources */ = {isa = PBXBuildFile; fileRef = 072E63A5183C411A00127A57 /* DacLac.png */; };
		072E63E9183C411A00127A57 /* DacNong.png in Resources */ = {isa = PBXBuildFile; fileRef = 072E63A6183C411A00127A57 /* DacNong.png */; };
		072E63EA183C411A00127A57 /* DaNang.png in Resources */ = {isa = PBXBuildFile; fileRef = 072E63A7183C411A00127A57 /* DaNang.png */; };
		072E63EB183C411A00127A57 /* DaoPhuQuoc.png in Resources */ = {isa = PBXBuildFile; fileRef = 072E63A8183C411A00127A57 /* DaoPhuQuoc.png */; };
		072E63EC183C411A00127A57 /* DienBienPhu.png in Resources */ = {isa = PBXBuildFile; fileRef = 072E63A9183C411A00127A57 /* DienBienPhu.png */; };
		072E63ED183C411A00127A57 /* DongNai.png in Resources */ = {isa = PBXBuildFile; fileRef = 072E63AA183C411A00127A57 /* DongNai.png */; };
		072E63EE183C411A00127A57 /* DongThap.png in Resources */ = {isa = PBXBuildFile; fileRef = 072E63AB183C411A00127A57 /* DongThap.png */; };
		072E63EF183C411A00127A57 /* GiaLai.png in Resources */ = {isa = PBXBuildFile; fileRef = 072E63AC183C411A00127A57 /* GiaLai.png */; };
		072E63F0183C411A00127A57 /* HaGiang.png in Resources */ = {isa = PBXBuildFile; fileRef = 072E63AD183C411A00127A57 /* HaGiang.png */; };
		072E63F1183C411A00127A57 /* HaiDuong.png in Resources */ = {isa = PBXBuildFile; fileRef = 072E63AE183C411A00127A57 /* HaiDuong.png */; };
		072E63F2183C411A00127A57 /* HaiPhong.png in Resources */ = {isa = PBXBuildFile; fileRef = 072E63AF183C411A00127A57 /* HaiPhong.png */; };
		072E63F3183C411A00127A57 /* HaNam.png in Resources */ = {isa = PBXBuildFile; fileRef = 072E63B0183C411A00127A57 /* HaNam.png */; };
		072E63F4183C411A00127A57 /* HaNoi.png in Resources */ = {isa = PBXBuildFile; fileRef = 072E63B1183C411A00127A57 /* HaNoi.png */; };
		072E63F5183C411A00127A57 /* HaTay.png in Resources */ = {isa = PBXBuildFile; fileRef = 072E63B2183C411A00127A57 /* HaTay.png */; };
		072E63F6183C411A00127A57 /* HaTinh.png in Resources */ = {isa = PBXBuildFile; fileRef = 072E63B3183C411A00127A57 /* HaTinh.png */; };
		072E63F7183C411A00127A57 /* HoaBinh.png in Resources */ = {isa = PBXBuildFile; fileRef = 072E63B4183C411A00127A57 /* HoaBinh.png */; };
		072E63F8183C411A00127A57 /* Hue.png in Resources */ = {isa = PBXBuildFile; fileRef = 072E63B5183C411A00127A57 /* Hue.png */; };
		072E63F9183C411A00127A57 /* HungYen.png in Resources */ = {isa = PBXBuildFile; fileRef = 072E63B6183C411A00127A57 /* HungYen.png */; };
		072E63FA183C411A00127A57 /* KhanhHoa.png in Resources */ = {isa = PBXBuildFile; fileRef = 072E63B7183C411A00127A57 /* KhanhHoa.png */; };
		072E63FB183C411A00127A57 /* KienGiang.png in Resources */ = {isa = PBXBuildFile; fileRef = 072E63B8183C411A00127A57 /* KienGiang.png */; };
		072E63FC183C411A00127A57 /* KonTum.png in Resources */ = {isa = PBXBuildFile; fileRef = 072E63B9183C411A00127A57 /* KonTum.png */; };
		072E63FD183C411A00127A57 /* LaiChau.png in Resources */ = {isa = PBXBuildFile; fileRef = 072E63BA183C411A00127A57 /* LaiChau.png */; };
		072E63FE183C411A00127A57 /* LamDong.png in Resources */ = {isa = PBXBuildFile; fileRef = 072E63BB183C411A00127A57 /* LamDong.png */; };
		072E63FF183C411A00127A57 /* LangSon.png in Resources */ = {isa = PBXBuildFile; fileRef = 072E63BC183C411A00127A57 /* LangSon.png */; };
		072E6400183C411A00127A57 /* LaoCai.png in Resources */ = {isa = PBXBuildFile; fileRef = 072E63BD183C411A00127A57 /* LaoCai.png */; };
		072E6401183C411A00127A57 /* LongAn.png in Resources */ = {isa = PBXBuildFile; fileRef = 072E63BE183C411A00127A57 /* LongAn.png */; };
		072E6402183C411A00127A57 /* NamDinh.png in Resources */ = {isa = PBXBuildFile; fileRef = 072E63BF183C411A00127A57 /* NamDinh.png */; };
		072E6403183C411A00127A57 /* NgheAn.png in Resources */ = {isa = PBXBuildFile; fileRef = 072E63C0183C411A00127A57 /* NgheAn.png */; };
		072E6404183C411A00127A57 /* NinhBinh.png in Resources */ = {isa = PBXBuildFile; fileRef = 072E63C1183C411A00127A57 /* NinhBinh.png */; };
		072E6405183C411A00127A57 /* NinhThuan.png in Resources */ = {isa = PBXBuildFile; fileRef = 072E63C2183C411A00127A57 /* NinhThuan.png */; };
		072E6406183C411A00127A57 /* PhuTho.png in Resources */ = {isa = PBXBuildFile; fileRef = 072E63C3183C411A00127A57 /* PhuTho.png */; };
		072E6407183C411A00127A57 /* PhuYen.png in Resources */ = {isa = PBXBuildFile; fileRef = 072E63C4183C411A00127A57 /* PhuYen.png */; };
		072E6408183C411A00127A57 /* QuanDaoHoangSa.png in Resources */ = {isa = PBXBuildFile; fileRef = 072E63C5183C411A00127A57 /* QuanDaoHoangSa.png */; };
		072E6409183C411A00127A57 /* QuanDaoTruongSa.png in Resources */ = {isa = PBXBuildFile; fileRef = 072E63C6183C411A00127A57 /* QuanDaoTruongSa.png */; };
		072E640A183C411A00127A57 /* QuangBinh.png in Resources */ = {isa = PBXBuildFile; fileRef = 072E63C7183C411A00127A57 /* QuangBinh.png */; };
		072E640B183C411A00127A57 /* QuangNam.png in Resources */ = {isa = PBXBuildFile; fileRef = 072E63C8183C411A00127A57 /* QuangNam.png */; };
		072E640C183C411A00127A57 /* QuangNgai.png in Resources */ = {isa = PBXBuildFile; fileRef = 072E63C9183C411A00127A57 /* QuangNgai.png */; };
		072E640D183C411A00127A57 /* QuangNinh.png in Resources */ = {isa = PBXBuildFile; fileRef = 072E63CA183C411A00127A57 /* QuangNinh.png */; };
		072E640E183C411A00127A57 /* QuangTri.png in Resources */ = {isa = PBXBuildFile; fileRef = 072E63CB183C411A00127A57 /* QuangTri.png */; };
		072E640F183C411A00127A57 /* SocTrang.png in Resources */ = {isa = PBXBuildFile; fileRef = 072E63CC183C411A00127A57 /* SocTrang.png */; };
		072E6410183C411A00127A57 /* SonLa.png in Resources */ = {isa = PBXBuildFile; fileRef = 072E63CD183C411A00127A57 /* SonLa.png */; };
		072E6411183C411A00127A57 /* TayNinh.png in Resources */ = {isa = PBXBuildFile; fileRef = 072E63CE183C411A00127A57 /* TayNinh.png */; };
		072E6412183C411A00127A57 /* ThaiBinh.png in Resources */ = {isa = PBXBuildFile; fileRef = 072E63CF183C411A00127A57 /* ThaiBinh.png */; };
		072E6413183C411A00127A57 /* ThaiNguyen.png in Resources */ = {isa = PBXBuildFile; fileRef = 072E63D0183C411A00127A57 /* ThaiNguyen.png */; };
		072E6414183C411A00127A57 /* ThanhHoa.png in Resources */ = {isa = PBXBuildFile; fileRef = 072E63D1183C411A00127A57 /* ThanhHoa.png */; };
		072E6415183C411A00127A57 /* TienGiang.png in Resources */ = {isa = PBXBuildFile; fileRef = 072E63D2183C411A00127A57 /* TienGiang.png */; };
		072E6416183C411A00127A57 /* TPHCM.png in Resources */ = {isa = PBXBuildFile; fileRef = 072E63D3183C411A00127A57 /* TPHCM.png */; };
		072E6417183C411A00127A57 /* TraVinh.png in Resources */ = {isa = PBXBuildFile; fileRef = 072E63D4183C411A00127A57 /* TraVinh.png */; };
		072E6418183C411A00127A57 /* TuyenQuang.png in Resources */ = {isa = PBXBuildFile; fileRef = 072E63D5183C411A00127A57 /* TuyenQuang.png */; };
		072E6419183C411A00127A57 /* VinhLong.png in Resources */ = {isa = PBXBuildFile; fileRef = 072E63D6183C411A00127A57 /* VinhLong.png */; };
		072E641A183C411A00127A57 /* VinhPhuc.png in Resources */ = {isa = PBXBuildFile; fileRef = 072E63D7183C411A00127A57 /* VinhPhuc.png */; };
		072E641B183C411A00127A57 /* YenBai.png in Resources */ = {isa = PBXBuildFile; fileRef = 072E63D8183C411A00127A57 /* YenBai.png */; };
		072E641D183C61E500127A57 /* BAN DO 62 TINH.png in Resources */ = {isa = PBXBuildFile; fileRef = 072E641C183C61E500127A57 /* BAN DO 62 TINH.png */; };
		07356A1A1830A13F00D88EC6 /* UIKit.framework in Frameworks */ = {isa = PBXBuildFile; fileRef = 07356A191830A13E00D88EC6 /* UIKit.framework */; };
		07356A1C1830A13F00D88EC6 /* Foundation.framework in Frameworks */ = {isa = PBXBuildFile; fileRef = 07356A1B1830A13F00D88EC6 /* Foundation.framework */; };
		07356A1E1830A13F00D88EC6 /* CoreGraphics.framework in Frameworks */ = {isa = PBXBuildFile; fileRef = 07356A1D1830A13F00D88EC6 /* CoreGraphics.framework */; };
		07356A241830A13F00D88EC6 /* InfoPlist.strings in Resources */ = {isa = PBXBuildFile; fileRef = 07356A221830A13F00D88EC6 /* InfoPlist.strings */; };
		07356A261830A13F00D88EC6 /* main.m in Sources */ = {isa = PBXBuildFile; fileRef = 07356A251830A13F00D88EC6 /* main.m */; };
		07356A2A1830A13F00D88EC6 /* iTravelAppDelegate.m in Sources */ = {isa = PBXBuildFile; fileRef = 07356A291830A13F00D88EC6 /* iTravelAppDelegate.m */; };
		07356A331830A13F00D88EC6 /* MainStoryboard_iPhone.storyboard in Resources */ = {isa = PBXBuildFile; fileRef = 07356A311830A13F00D88EC6 /* MainStoryboard_iPhone.storyboard */; };
		07356A361830A13F00D88EC6 /* MainStoryboard_iPad.storyboard in Resources */ = {isa = PBXBuildFile; fileRef = 07356A341830A13F00D88EC6 /* MainStoryboard_iPad.storyboard */; };
		07356A391830A13F00D88EC6 /* iTravelViewController.m in Sources */ = {isa = PBXBuildFile; fileRef = 07356A381830A13F00D88EC6 /* iTravelViewController.m */; };
		07356A421830BBED00D88EC6 /* Default-568h@2x.png in Resources */ = {isa = PBXBuildFile; fileRef = 07356A3F1830BBED00D88EC6 /* Default-568h@2x.png */; };
		07356A431830BBED00D88EC6 /* Default.png in Resources */ = {isa = PBXBuildFile; fileRef = 07356A401830BBED00D88EC6 /* Default.png */; };
		07356A441830BBED00D88EC6 /* Default@2x.png in Resources */ = {isa = PBXBuildFile; fileRef = 07356A411830BBED00D88EC6 /* Default@2x.png */; };
		07356A471830BD0400D88EC6 /* icon57.png in Resources */ = {isa = PBXBuildFile; fileRef = 07356A451830BD0400D88EC6 /* icon57.png */; };
		07356A481830BD0400D88EC6 /* icon114.png in Resources */ = {isa = PBXBuildFile; fileRef = 07356A461830BD0400D88EC6 /* icon114.png */; };
		073C7FC318444C3F00023CF2 /* SettingsViewController.m in Sources */ = {isa = PBXBuildFile; fileRef = 073C7FC218444C3F00023CF2 /* SettingsViewController.m */; };
		073E1F9B183457EF009C8ADF /* settings.png in Resources */ = {isa = PBXBuildFile; fileRef = 073E1F9A183457EF009C8ADF /* settings.png */; };
		073E1FA81834B034009C8ADF /* chosen.png in Resources */ = {isa = PBXBuildFile; fileRef = 073E1FA71834B033009C8ADF /* chosen.png */; };
		073E1FAA1834B041009C8ADF /* close.png in Resources */ = {isa = PBXBuildFile; fileRef = 073E1FA91834B041009C8ADF /* close.png */; };
		073E1FAD1834B6D6009C8ADF /* tick_blue.png in Resources */ = {isa = PBXBuildFile; fileRef = 073E1FAB1834B6D5009C8ADF /* tick_blue.png */; };
		073E1FAE1834B6D6009C8ADF /* tick_blue@2x.png in Resources */ = {isa = PBXBuildFile; fileRef = 073E1FAC1834B6D5009C8ADF /* tick_blue@2x.png */; };
		0745EB961842E37600CC4070 /* LanguageList.m in Sources */ = {isa = PBXBuildFile; fileRef = 0745EB951842E37600CC4070 /* LanguageList.m */; };
		0745EB981843025E00CC4070 /* back.png in Resources */ = {isa = PBXBuildFile; fileRef = 0745EB971843025E00CC4070 /* back.png */; };
		0745EB9A1843249300CC4070 /* language.png in Resources */ = {isa = PBXBuildFile; fileRef = 0745EB991843249300CC4070 /* language.png */; };
		0745EBA0184333A600CC4070 /* SettingCells.m in Sources */ = {isa = PBXBuildFile; fileRef = 0745EB9F184333A500CC4070 /* SettingCells.m */; };
		074ABE4B1831C9C400694174 /* 003_3.png in Resources */ = {isa = PBXBuildFile; fileRef = 074ABE491831C9C400694174 /* 003_3.png */; };
		074ABE4C1831C9C400694174 /* 003.png in Resources */ = {isa = PBXBuildFile; fileRef = 074ABE4A1831C9C400694174 /* 003.png */; };
		074ABE531831CF1900694174 /* 002_2.png in Resources */ = {isa = PBXBuildFile; fileRef = 074ABE511831CF1900694174 /* 002_2.png */; };
		074ABE541831CF1900694174 /* 002.png in Resources */ = {isa = PBXBuildFile; fileRef = 074ABE521831CF1900694174 /* 002.png */; };
		074ABE5A1831D78800694174 /* c-2-1.png in Resources */ = {isa = PBXBuildFile; fileRef = 074ABE591831D78800694174 /* c-2-1.png */; };
		07507A29184818B300E37E0D /* CFNetwork.framework in Frameworks */ = {isa = PBXBuildFile; fileRef = 07507A28184818B300E37E0D /* CFNetwork.framework */; };
		07507A2B1848190800E37E0D /* SystemConfiguration.framework in Frameworks */ = {isa = PBXBuildFile; fileRef = 07507A2A1848190800E37E0D /* SystemConfiguration.framework */; };
		07507A2C18481A6800E37E0D /* Reachability.m in Sources */ = {isa = PBXBuildFile; fileRef = 07507A271848181200E37E0D /* Reachability.m */; };
		07507A2F1848605800E37E0D /* QuartzCore.framework in Frameworks */ = {isa = PBXBuildFile; fileRef = 07507A2E1848605800E37E0D /* QuartzCore.framework */; };
		07507A311848811D00E37E0D /* Departure Place.plist in Resources */ = {isa = PBXBuildFile; fileRef = 07507A301848811C00E37E0D /* Departure Place.plist */; };
		07507A33184881B200E37E0D /* Destination.plist in Resources */ = {isa = PBXBuildFile; fileRef = 07507A32184881B200E37E0D /* Destination.plist */; };
		07534D1F1833469600AD9DE0 /* back-button@1x.png in Resources */ = {isa = PBXBuildFile; fileRef = 07534D1D1833469600AD9DE0 /* back-button@1x.png */; };
		07534D201833469600AD9DE0 /* back-button@2x.png in Resources */ = {isa = PBXBuildFile; fileRef = 07534D1E1833469600AD9DE0 /* back-button@2x.png */; };
		07534D251833723800AD9DE0 /* FavouritesViewController.m in Sources */ = {isa = PBXBuildFile; fileRef = 07534D241833723800AD9DE0 /* FavouritesViewController.m */; };
		07534D281833725200AD9DE0 /* SearchViewController.m in Sources */ = {isa = PBXBuildFile; fileRef = 07534D271833725200AD9DE0 /* SearchViewController.m */; };
		07534D2E1833727000AD9DE0 /* HistoryViewController.m in Sources */ = {isa = PBXBuildFile; fileRef = 07534D2D1833727000AD9DE0 /* HistoryViewController.m */; };
		07A19E0C1845B66F00FDBD55 /* NewsCell.m in Sources */ = {isa = PBXBuildFile; fileRef = 07A19E0B1845B66F00FDBD55 /* NewsCell.m */; };
		07A19E0E1845C09900FDBD55 /* photo-frame.png in Resources */ = {isa = PBXBuildFile; fileRef = 07A19E0D1845C09900FDBD55 /* photo-frame.png */; };
		07A19E111845EFA700FDBD55 /* NewsiTravelCell.m in Sources */ = {isa = PBXBuildFile; fileRef = 07A19E101845EFA700FDBD55 /* NewsiTravelCell.m */; };
		07A19E131845FC7500FDBD55 /* ipad-arrow-selected.png in Resources */ = {isa = PBXBuildFile; fileRef = 07A19E121845FC7500FDBD55 /* ipad-arrow-selected.png */; };
		07A19E171845FC8B00FDBD55 /* ipad-arrow-selected@2x.png in Resources */ = {isa = PBXBuildFile; fileRef = 07A19E141845FC8B00FDBD55 /* ipad-arrow-selected@2x.png */; };
		07A19E181845FC8B00FDBD55 /* ipad-arrow.png in Resources */ = {isa = PBXBuildFile; fileRef = 07A19E151845FC8B00FDBD55 /* ipad-arrow.png */; };
		07A19E191845FC8B00FDBD55 /* ipad-arrow@2x.png in Resources */ = {isa = PBXBuildFile; fileRef = 07A19E161845FC8B00FDBD55 /* ipad-arrow@2x.png */; };
		07A71A2C1846E300009F4A2B /* DetailNewsiTravelViewController.m in Sources */ = {isa = PBXBuildFile; fileRef = 07A71A2B1846E300009F4A2B /* DetailNewsiTravelViewController.m */; };
		07A71A3318473CF1009F4A2B /* File-48.png in Resources */ = {isa = PBXBuildFile; fileRef = 07A71A3018473CF1009F4A2B /* File-48.png */; };
		07A71A3418473CF1009F4A2B /* Gift-48.png in Resources */ = {isa = PBXBuildFile; fileRef = 07A71A3118473CF1009F4A2B /* Gift-48.png */; };
		07A71A3518473CF1009F4A2B /* Tag-48.png in Resources */ = {isa = PBXBuildFile; fileRef = 07A71A3218473CF1009F4A2B /* Tag-48.png */; };
/* End PBXBuildFile section */

/* Begin PBXFileReference section */
		070472901831FCD1002DCB12 /* 001_1.png */ = {isa = PBXFileReference; lastKnownFileType = image.png; path = 001_1.png; sourceTree = "<group>"; };
		07047292183202E9002DCB12 /* 001.png */ = {isa = PBXFileReference; lastKnownFileType = image.png; path = 001.png; sourceTree = "<group>"; };
		07047294183207FF002DCB12 /* c-2-1-1.png */ = {isa = PBXFileReference; lastKnownFileType = image.png; path = "c-2-1-1.png"; sourceTree = "<group>"; };
		0704729618320B5E002DCB12 /* bg.png */ = {isa = PBXFileReference; lastKnownFileType = image.png; path = bg.png; sourceTree = "<group>"; };
		0704729818321BB7002DCB12 /* tv.png */ = {isa = PBXFileReference; lastKnownFileType = image.png; path = tv.png; sourceTree = "<group>"; };
		0704729A1832246A002DCB12 /* clock.png */ = {isa = PBXFileReference; lastKnownFileType = image.png; path = clock.png; sourceTree = "<group>"; };
		0708FB7618458043006B7296 /* NewsViewController.h */ = {isa = PBXFileReference; fileEncoding = 4; lastKnownFileType = sourcecode.c.h; path = NewsViewController.h; sourceTree = "<group>"; };
		0708FB7718458043006B7296 /* NewsViewController.m */ = {isa = PBXFileReference; fileEncoding = 4; lastKnownFileType = sourcecode.c.objc; path = NewsViewController.m; sourceTree = "<group>"; };
		0708FB79184580E1006B7296 /* tv_1.png */ = {isa = PBXFileReference; lastKnownFileType = image.png; path = tv_1.png; sourceTree = "<group>"; };
		0708FB7B18458248006B7296 /* clock_1.png */ = {isa = PBXFileReference; lastKnownFileType = image.png; path = clock_1.png; sourceTree = "<group>"; };
		0708FB7D18458CDD006B7296 /* MBProgressHUD.h */ = {isa = PBXFileReference; lastKnownFileType = sourcecode.c.h; path = MBProgressHUD.h; sourceTree = "<group>"; };
		0708FB7E18458CDD006B7296 /* MBProgressHUD.m */ = {isa = PBXFileReference; lastKnownFileType = sourcecode.c.objc; path = MBProgressHUD.m; sourceTree = "<group>"; };
		07104C27184F0973007F669D /* MKAnnotationView+WebCache.h */ = {isa = PBXFileReference; fileEncoding = 4; lastKnownFileType = sourcecode.c.h; path = "MKAnnotationView+WebCache.h"; sourceTree = "<group>"; };
		07104C28184F0973007F669D /* MKAnnotationView+WebCache.m */ = {isa = PBXFileReference; fileEncoding = 4; lastKnownFileType = sourcecode.c.objc; path = "MKAnnotationView+WebCache.m"; sourceTree = "<group>"; };
		07104C29184F0973007F669D /* NSData+GIF.h */ = {isa = PBXFileReference; fileEncoding = 4; lastKnownFileType = sourcecode.c.h; path = "NSData+GIF.h"; sourceTree = "<group>"; };
		07104C2A184F0973007F669D /* NSData+GIF.m */ = {isa = PBXFileReference; fileEncoding = 4; lastKnownFileType = sourcecode.c.objc; path = "NSData+GIF.m"; sourceTree = "<group>"; };
		07104C2B184F0973007F669D /* SDImageCache.h */ = {isa = PBXFileReference; fileEncoding = 4; lastKnownFileType = sourcecode.c.h; path = SDImageCache.h; sourceTree = "<group>"; };
		07104C2C184F0973007F669D /* SDImageCache.m */ = {isa = PBXFileReference; fileEncoding = 4; lastKnownFileType = sourcecode.c.objc; path = SDImageCache.m; sourceTree = "<group>"; };
		07104C2D184F0973007F669D /* SDWebImageCompat.h */ = {isa = PBXFileReference; fileEncoding = 4; lastKnownFileType = sourcecode.c.h; path = SDWebImageCompat.h; sourceTree = "<group>"; };
		07104C2E184F0973007F669D /* SDWebImageCompat.m */ = {isa = PBXFileReference; fileEncoding = 4; lastKnownFileType = sourcecode.c.objc; path = SDWebImageCompat.m; sourceTree = "<group>"; };
		07104C2F184F0973007F669D /* SDWebImageDecoder.h */ = {isa = PBXFileReference; fileEncoding = 4; lastKnownFileType = sourcecode.c.h; path = SDWebImageDecoder.h; sourceTree = "<group>"; };
		07104C30184F0973007F669D /* SDWebImageDecoder.m */ = {isa = PBXFileReference; fileEncoding = 4; lastKnownFileType = sourcecode.c.objc; path = SDWebImageDecoder.m; sourceTree = "<group>"; };
		07104C31184F0973007F669D /* SDWebImageDownloader.h */ = {isa = PBXFileReference; fileEncoding = 4; lastKnownFileType = sourcecode.c.h; path = SDWebImageDownloader.h; sourceTree = "<group>"; };
		07104C32184F0973007F669D /* SDWebImageDownloader.m */ = {isa = PBXFileReference; fileEncoding = 4; lastKnownFileType = sourcecode.c.objc; path = SDWebImageDownloader.m; sourceTree = "<group>"; };
		07104C33184F0973007F669D /* SDWebImageDownloaderOperation.h */ = {isa = PBXFileReference; fileEncoding = 4; lastKnownFileType = sourcecode.c.h; path = SDWebImageDownloaderOperation.h; sourceTree = "<group>"; };
		07104C34184F0973007F669D /* SDWebImageDownloaderOperation.m */ = {isa = PBXFileReference; fileEncoding = 4; lastKnownFileType = sourcecode.c.objc; path = SDWebImageDownloaderOperation.m; sourceTree = "<group>"; };
		07104C35184F0973007F669D /* SDWebImageManager.h */ = {isa = PBXFileReference; fileEncoding = 4; lastKnownFileType = sourcecode.c.h; path = SDWebImageManager.h; sourceTree = "<group>"; };
		07104C36184F0973007F669D /* SDWebImageManager.m */ = {isa = PBXFileReference; fileEncoding = 4; lastKnownFileType = sourcecode.c.objc; path = SDWebImageManager.m; sourceTree = "<group>"; };
		07104C37184F0973007F669D /* SDWebImageOperation.h */ = {isa = PBXFileReference; fileEncoding = 4; lastKnownFileType = sourcecode.c.h; path = SDWebImageOperation.h; sourceTree = "<group>"; };
		07104C38184F0973007F669D /* SDWebImagePrefetcher.h */ = {isa = PBXFileReference; fileEncoding = 4; lastKnownFileType = sourcecode.c.h; path = SDWebImagePrefetcher.h; sourceTree = "<group>"; };
		07104C39184F0973007F669D /* SDWebImagePrefetcher.m */ = {isa = PBXFileReference; fileEncoding = 4; lastKnownFileType = sourcecode.c.objc; path = SDWebImagePrefetcher.m; sourceTree = "<group>"; };
		07104C3A184F0973007F669D /* UIButton+WebCache.h */ = {isa = PBXFileReference; fileEncoding = 4; lastKnownFileType = sourcecode.c.h; path = "UIButton+WebCache.h"; sourceTree = "<group>"; };
		07104C3B184F0973007F669D /* UIButton+WebCache.m */ = {isa = PBXFileReference; fileEncoding = 4; lastKnownFileType = sourcecode.c.objc; path = "UIButton+WebCache.m"; sourceTree = "<group>"; };
		07104C3C184F0973007F669D /* UIImage+GIF.h */ = {isa = PBXFileReference; fileEncoding = 4; lastKnownFileType = sourcecode.c.h; path = "UIImage+GIF.h"; sourceTree = "<group>"; };
		07104C3D184F0973007F669D /* UIImage+GIF.m */ = {isa = PBXFileReference; fileEncoding = 4; lastKnownFileType = sourcecode.c.objc; path = "UIImage+GIF.m"; sourceTree = "<group>"; };
		07104C3E184F0973007F669D /* UIImage+MultiFormat.h */ = {isa = PBXFileReference; fileEncoding = 4; lastKnownFileType = sourcecode.c.h; path = "UIImage+MultiFormat.h"; sourceTree = "<group>"; };
		07104C3F184F0973007F669D /* UIImage+MultiFormat.m */ = {isa = PBXFileReference; fileEncoding = 4; lastKnownFileType = sourcecode.c.objc; path = "UIImage+MultiFormat.m"; sourceTree = "<group>"; };
		07104C40184F0973007F669D /* UIImage+WebP.h */ = {isa = PBXFileReference; fileEncoding = 4; lastKnownFileType = sourcecode.c.h; path = "UIImage+WebP.h"; sourceTree = "<group>"; };
		07104C41184F0973007F669D /* UIImage+WebP.m */ = {isa = PBXFileReference; fileEncoding = 4; lastKnownFileType = sourcecode.c.objc; path = "UIImage+WebP.m"; sourceTree = "<group>"; };
		07104C42184F0973007F669D /* UIImageView+WebCache.h */ = {isa = PBXFileReference; fileEncoding = 4; lastKnownFileType = sourcecode.c.h; path = "UIImageView+WebCache.h"; sourceTree = "<group>"; };
		07104C43184F0973007F669D /* UIImageView+WebCache.m */ = {isa = PBXFileReference; fileEncoding = 4; lastKnownFileType = sourcecode.c.objc; path = "UIImageView+WebCache.m"; sourceTree = "<group>"; };
		07104C52184F09B1007F669D /* ImageIO.framework */ = {isa = PBXFileReference; lastKnownFileType = wrapper.framework; name = ImageIO.framework; path = System/Library/Frameworks/ImageIO.framework; sourceTree = SDKROOT; };
		07104C55184F0D19007F669D /* MapKit.framework */ = {isa = PBXFileReference; lastKnownFileType = wrapper.framework; name = MapKit.framework; path = System/Library/Frameworks/MapKit.framework; sourceTree = SDKROOT; };
		07104C57184F14E8007F669D /* placeholder.png */ = {isa = PBXFileReference; lastKnownFileType = image.png; path = placeholder.png; sourceTree = "<group>"; };
		07104C58184F14E8007F669D /* placeholder@2x.png */ = {isa = PBXFileReference; lastKnownFileType = image.png; path = "placeholder@2x.png"; sourceTree = "<group>"; };
		072E6396183C411A00127A57 /* AnGiang.png */ = {isa = PBXFileReference; lastKnownFileType = image.png; path = AnGiang.png; sourceTree = "<group>"; };
		072E6397183C411A00127A57 /* BacGiang.png */ = {isa = PBXFileReference; lastKnownFileType = image.png; path = BacGiang.png; sourceTree = "<group>"; };
		072E6398183C411A00127A57 /* BacKan.png */ = {isa = PBXFileReference; lastKnownFileType = image.png; path = BacKan.png; sourceTree = "<group>"; };
		072E6399183C411A00127A57 /* Baclieu.png */ = {isa = PBXFileReference; lastKnownFileType = image.png; path = Baclieu.png; sourceTree = "<group>"; };
		072E639A183C411A00127A57 /* BacNinh.png */ = {isa = PBXFileReference; lastKnownFileType = image.png; path = BacNinh.png; sourceTree = "<group>"; };
		072E639B183C411A00127A57 /* BaRia_VungTau.png */ = {isa = PBXFileReference; lastKnownFileType = image.png; path = BaRia_VungTau.png; sourceTree = "<group>"; };
		072E639C183C411A00127A57 /* BenTre.png */ = {isa = PBXFileReference; lastKnownFileType = image.png; path = BenTre.png; sourceTree = "<group>"; };
		072E639D183C411A00127A57 /* BinhDinh.png */ = {isa = PBXFileReference; lastKnownFileType = image.png; path = BinhDinh.png; sourceTree = "<group>"; };
		072E639E183C411A00127A57 /* BinhDuong.png */ = {isa = PBXFileReference; lastKnownFileType = image.png; path = BinhDuong.png; sourceTree = "<group>"; };
		072E639F183C411A00127A57 /* BinhPHuoc.png */ = {isa = PBXFileReference; lastKnownFileType = image.png; path = BinhPHuoc.png; sourceTree = "<group>"; };
		072E63A0183C411A00127A57 /* BinhThuan.png */ = {isa = PBXFileReference; lastKnownFileType = image.png; path = BinhThuan.png; sourceTree = "<group>"; };
		072E63A1183C411A00127A57 /* Camau.png */ = {isa = PBXFileReference; lastKnownFileType = image.png; path = Camau.png; sourceTree = "<group>"; };
		072E63A2183C411A00127A57 /* CanTho.png */ = {isa = PBXFileReference; lastKnownFileType = image.png; path = CanTho.png; sourceTree = "<group>"; };
		072E63A3183C411A00127A57 /* CaoBang.png */ = {isa = PBXFileReference; lastKnownFileType = image.png; path = CaoBang.png; sourceTree = "<group>"; };
		072E63A4183C411A00127A57 /* ConDao.png */ = {isa = PBXFileReference; lastKnownFileType = image.png; path = ConDao.png; sourceTree = "<group>"; };
		072E63A5183C411A00127A57 /* DacLac.png */ = {isa = PBXFileReference; lastKnownFileType = image.png; path = DacLac.png; sourceTree = "<group>"; };
		072E63A6183C411A00127A57 /* DacNong.png */ = {isa = PBXFileReference; lastKnownFileType = image.png; path = DacNong.png; sourceTree = "<group>"; };
		072E63A7183C411A00127A57 /* DaNang.png */ = {isa = PBXFileReference; lastKnownFileType = image.png; path = DaNang.png; sourceTree = "<group>"; };
		072E63A8183C411A00127A57 /* DaoPhuQuoc.png */ = {isa = PBXFileReference; lastKnownFileType = image.png; path = DaoPhuQuoc.png; sourceTree = "<group>"; };
		072E63A9183C411A00127A57 /* DienBienPhu.png */ = {isa = PBXFileReference; lastKnownFileType = image.png; path = DienBienPhu.png; sourceTree = "<group>"; };
		072E63AA183C411A00127A57 /* DongNai.png */ = {isa = PBXFileReference; lastKnownFileType = image.png; path = DongNai.png; sourceTree = "<group>"; };
		072E63AB183C411A00127A57 /* DongThap.png */ = {isa = PBXFileReference; lastKnownFileType = image.png; path = DongThap.png; sourceTree = "<group>"; };
		072E63AC183C411A00127A57 /* GiaLai.png */ = {isa = PBXFileReference; lastKnownFileType = image.png; path = GiaLai.png; sourceTree = "<group>"; };
		072E63AD183C411A00127A57 /* HaGiang.png */ = {isa = PBXFileReference; lastKnownFileType = image.png; path = HaGiang.png; sourceTree = "<group>"; };
		072E63AE183C411A00127A57 /* HaiDuong.png */ = {isa = PBXFileReference; lastKnownFileType = image.png; path = HaiDuong.png; sourceTree = "<group>"; };
		072E63AF183C411A00127A57 /* HaiPhong.png */ = {isa = PBXFileReference; lastKnownFileType = image.png; path = HaiPhong.png; sourceTree = "<group>"; };
		072E63B0183C411A00127A57 /* HaNam.png */ = {isa = PBXFileReference; lastKnownFileType = image.png; path = HaNam.png; sourceTree = "<group>"; };
		072E63B1183C411A00127A57 /* HaNoi.png */ = {isa = PBXFileReference; lastKnownFileType = image.png; path = HaNoi.png; sourceTree = "<group>"; };
		072E63B2183C411A00127A57 /* HaTay.png */ = {isa = PBXFileReference; lastKnownFileType = image.png; path = HaTay.png; sourceTree = "<group>"; };
		072E63B3183C411A00127A57 /* HaTinh.png */ = {isa = PBXFileReference; lastKnownFileType = image.png; path = HaTinh.png; sourceTree = "<group>"; };
		072E63B4183C411A00127A57 /* HoaBinh.png */ = {isa = PBXFileReference; lastKnownFileType = image.png; path = HoaBinh.png; sourceTree = "<group>"; };
		072E63B5183C411A00127A57 /* Hue.png */ = {isa = PBXFileReference; lastKnownFileType = image.png; path = Hue.png; sourceTree = "<group>"; };
		072E63B6183C411A00127A57 /* HungYen.png */ = {isa = PBXFileReference; lastKnownFileType = image.png; path = HungYen.png; sourceTree = "<group>"; };
		072E63B7183C411A00127A57 /* KhanhHoa.png */ = {isa = PBXFileReference; lastKnownFileType = image.png; path = KhanhHoa.png; sourceTree = "<group>"; };
		072E63B8183C411A00127A57 /* KienGiang.png */ = {isa = PBXFileReference; lastKnownFileType = image.png; path = KienGiang.png; sourceTree = "<group>"; };
		072E63B9183C411A00127A57 /* KonTum.png */ = {isa = PBXFileReference; lastKnownFileType = image.png; path = KonTum.png; sourceTree = "<group>"; };
		072E63BA183C411A00127A57 /* LaiChau.png */ = {isa = PBXFileReference; lastKnownFileType = image.png; path = LaiChau.png; sourceTree = "<group>"; };
		072E63BB183C411A00127A57 /* LamDong.png */ = {isa = PBXFileReference; lastKnownFileType = image.png; path = LamDong.png; sourceTree = "<group>"; };
		072E63BC183C411A00127A57 /* LangSon.png */ = {isa = PBXFileReference; lastKnownFileType = image.png; path = LangSon.png; sourceTree = "<group>"; };
		072E63BD183C411A00127A57 /* LaoCai.png */ = {isa = PBXFileReference; lastKnownFileType = image.png; path = LaoCai.png; sourceTree = "<group>"; };
		072E63BE183C411A00127A57 /* LongAn.png */ = {isa = PBXFileReference; lastKnownFileType = image.png; path = LongAn.png; sourceTree = "<group>"; };
		072E63BF183C411A00127A57 /* NamDinh.png */ = {isa = PBXFileReference; lastKnownFileType = image.png; path = NamDinh.png; sourceTree = "<group>"; };
		072E63C0183C411A00127A57 /* NgheAn.png */ = {isa = PBXFileReference; lastKnownFileType = image.png; path = NgheAn.png; sourceTree = "<group>"; };
		072E63C1183C411A00127A57 /* NinhBinh.png */ = {isa = PBXFileReference; lastKnownFileType = image.png; path = NinhBinh.png; sourceTree = "<group>"; };
		072E63C2183C411A00127A57 /* NinhThuan.png */ = {isa = PBXFileReference; lastKnownFileType = image.png; path = NinhThuan.png; sourceTree = "<group>"; };
		072E63C3183C411A00127A57 /* PhuTho.png */ = {isa = PBXFileReference; lastKnownFileType = image.png; path = PhuTho.png; sourceTree = "<group>"; };
		072E63C4183C411A00127A57 /* PhuYen.png */ = {isa = PBXFileReference; lastKnownFileType = image.png; path = PhuYen.png; sourceTree = "<group>"; };
		072E63C5183C411A00127A57 /* QuanDaoHoangSa.png */ = {isa = PBXFileReference; lastKnownFileType = image.png; path = QuanDaoHoangSa.png; sourceTree = "<group>"; };
		072E63C6183C411A00127A57 /* QuanDaoTruongSa.png */ = {isa = PBXFileReference; lastKnownFileType = image.png; path = QuanDaoTruongSa.png; sourceTree = "<group>"; };
		072E63C7183C411A00127A57 /* QuangBinh.png */ = {isa = PBXFileReference; lastKnownFileType = image.png; path = QuangBinh.png; sourceTree = "<group>"; };
		072E63C8183C411A00127A57 /* QuangNam.png */ = {isa = PBXFileReference; lastKnownFileType = image.png; path = QuangNam.png; sourceTree = "<group>"; };
		072E63C9183C411A00127A57 /* QuangNgai.png */ = {isa = PBXFileReference; lastKnownFileType = image.png; path = QuangNgai.png; sourceTree = "<group>"; };
		072E63CA183C411A00127A57 /* QuangNinh.png */ = {isa = PBXFileReference; lastKnownFileType = image.png; path = QuangNinh.png; sourceTree = "<group>"; };
		072E63CB183C411A00127A57 /* QuangTri.png */ = {isa = PBXFileReference; lastKnownFileType = image.png; path = QuangTri.png; sourceTree = "<group>"; };
		072E63CC183C411A00127A57 /* SocTrang.png */ = {isa = PBXFileReference; lastKnownFileType = image.png; path = SocTrang.png; sourceTree = "<group>"; };
		072E63CD183C411A00127A57 /* SonLa.png */ = {isa = PBXFileReference; lastKnownFileType = image.png; path = SonLa.png; sourceTree = "<group>"; };
		072E63CE183C411A00127A57 /* TayNinh.png */ = {isa = PBXFileReference; lastKnownFileType = image.png; path = TayNinh.png; sourceTree = "<group>"; };
		072E63CF183C411A00127A57 /* ThaiBinh.png */ = {isa = PBXFileReference; lastKnownFileType = image.png; path = ThaiBinh.png; sourceTree = "<group>"; };
		072E63D0183C411A00127A57 /* ThaiNguyen.png */ = {isa = PBXFileReference; lastKnownFileType = image.png; path = ThaiNguyen.png; sourceTree = "<group>"; };
		072E63D1183C411A00127A57 /* ThanhHoa.png */ = {isa = PBXFileReference; lastKnownFileType = image.png; path = ThanhHoa.png; sourceTree = "<group>"; };
		072E63D2183C411A00127A57 /* TienGiang.png */ = {isa = PBXFileReference; lastKnownFileType = image.png; path = TienGiang.png; sourceTree = "<group>"; };
		072E63D3183C411A00127A57 /* TPHCM.png */ = {isa = PBXFileReference; lastKnownFileType = image.png; path = TPHCM.png; sourceTree = "<group>"; };
		072E63D4183C411A00127A57 /* TraVinh.png */ = {isa = PBXFileReference; lastKnownFileType = image.png; path = TraVinh.png; sourceTree = "<group>"; };
		072E63D5183C411A00127A57 /* TuyenQuang.png */ = {isa = PBXFileReference; lastKnownFileType = image.png; path = TuyenQuang.png; sourceTree = "<group>"; };
		072E63D6183C411A00127A57 /* VinhLong.png */ = {isa = PBXFileReference; lastKnownFileType = image.png; path = VinhLong.png; sourceTree = "<group>"; };
		072E63D7183C411A00127A57 /* VinhPhuc.png */ = {isa = PBXFileReference; lastKnownFileType = image.png; path = VinhPhuc.png; sourceTree = "<group>"; };
		072E63D8183C411A00127A57 /* YenBai.png */ = {isa = PBXFileReference; lastKnownFileType = image.png; path = YenBai.png; sourceTree = "<group>"; };
		072E641C183C61E500127A57 /* BAN DO 62 TINH.png */ = {isa = PBXFileReference; lastKnownFileType = image.png; path = "BAN DO 62 TINH.png"; sourceTree = "<group>"; };
		07356A161830A13E00D88EC6 /* iTravel.app */ = {isa = PBXFileReference; explicitFileType = wrapper.application; includeInIndex = 0; path = iTravel.app; sourceTree = BUILT_PRODUCTS_DIR; };
		07356A191830A13E00D88EC6 /* UIKit.framework */ = {isa = PBXFileReference; lastKnownFileType = wrapper.framework; name = UIKit.framework; path = System/Library/Frameworks/UIKit.framework; sourceTree = SDKROOT; };
		07356A1B1830A13F00D88EC6 /* Foundation.framework */ = {isa = PBXFileReference; lastKnownFileType = wrapper.framework; name = Foundation.framework; path = System/Library/Frameworks/Foundation.framework; sourceTree = SDKROOT; };
		07356A1D1830A13F00D88EC6 /* CoreGraphics.framework */ = {isa = PBXFileReference; lastKnownFileType = wrapper.framework; name = CoreGraphics.framework; path = System/Library/Frameworks/CoreGraphics.framework; sourceTree = SDKROOT; };
		07356A211830A13F00D88EC6 /* iTravel-Info.plist */ = {isa = PBXFileReference; lastKnownFileType = text.plist.xml; path = "iTravel-Info.plist"; sourceTree = "<group>"; };
		07356A231830A13F00D88EC6 /* en */ = {isa = PBXFileReference; lastKnownFileType = text.plist.strings; name = en; path = en.lproj/InfoPlist.strings; sourceTree = "<group>"; };
		07356A251830A13F00D88EC6 /* main.m */ = {isa = PBXFileReference; lastKnownFileType = sourcecode.c.objc; path = main.m; sourceTree = "<group>"; };
		07356A271830A13F00D88EC6 /* iTravel-Prefix.pch */ = {isa = PBXFileReference; lastKnownFileType = sourcecode.c.h; path = "iTravel-Prefix.pch"; sourceTree = "<group>"; };
		07356A281830A13F00D88EC6 /* iTravelAppDelegate.h */ = {isa = PBXFileReference; lastKnownFileType = sourcecode.c.h; path = iTravelAppDelegate.h; sourceTree = "<group>"; };
		07356A291830A13F00D88EC6 /* iTravelAppDelegate.m */ = {isa = PBXFileReference; lastKnownFileType = sourcecode.c.objc; path = iTravelAppDelegate.m; sourceTree = "<group>"; };
		07356A2B1830A13F00D88EC6 /* Default.png */ = {isa = PBXFileReference; lastKnownFileType = image.png; path = Default.png; sourceTree = "<group>"; };
		07356A2D1830A13F00D88EC6 /* Default@2x.png */ = {isa = PBXFileReference; lastKnownFileType = image.png; path = "Default@2x.png"; sourceTree = "<group>"; };
		07356A2F1830A13F00D88EC6 /* Default-568h@2x.png */ = {isa = PBXFileReference; lastKnownFileType = image.png; path = "Default-568h@2x.png"; sourceTree = "<group>"; };
		07356A371830A13F00D88EC6 /* iTravelViewController.h */ = {isa = PBXFileReference; lastKnownFileType = sourcecode.c.h; path = iTravelViewController.h; sourceTree = "<group>"; };
		07356A381830A13F00D88EC6 /* iTravelViewController.m */ = {isa = PBXFileReference; lastKnownFileType = sourcecode.c.objc; path = iTravelViewController.m; sourceTree = "<group>"; };
		07356A3F1830BBED00D88EC6 /* Default-568h@2x.png */ = {isa = PBXFileReference; lastKnownFileType = image.png; name = "Default-568h@2x.png"; path = "iTravel/Default-568h@2x.png"; sourceTree = "<group>"; };
		07356A401830BBED00D88EC6 /* Default.png */ = {isa = PBXFileReference; lastKnownFileType = image.png; name = Default.png; path = iTravel/Default.png; sourceTree = "<group>"; };
		07356A411830BBED00D88EC6 /* Default@2x.png */ = {isa = PBXFileReference; lastKnownFileType = image.png; name = "Default@2x.png"; path = "iTravel/Default@2x.png"; sourceTree = "<group>"; };
		07356A451830BD0400D88EC6 /* icon57.png */ = {isa = PBXFileReference; lastKnownFileType = image.png; name = icon57.png; path = iTravel/icon57.png; sourceTree = "<group>"; };
		07356A461830BD0400D88EC6 /* icon114.png */ = {isa = PBXFileReference; lastKnownFileType = image.png; name = icon114.png; path = iTravel/icon114.png; sourceTree = "<group>"; };
		07356A491830BD2500D88EC6 /* icon57.png */ = {isa = PBXFileReference; lastKnownFileType = image.png; path = icon57.png; sourceTree = "<group>"; };
		07356A4B1830BD2E00D88EC6 /* icon114.png */ = {isa = PBXFileReference; lastKnownFileType = image.png; path = icon114.png; sourceTree = "<group>"; };
		073C7FBD1844421000023CF2 /* en */ = {isa = PBXFileReference; lastKnownFileType = text.plist.strings; name = en; path = en.lproj/MainStoryboard_iPhone.strings; sourceTree = "<group>"; };
		073C7FC218444C3F00023CF2 /* SettingsViewController.m */ = {isa = PBXFileReference; fileEncoding = 4; lastKnownFileType = sourcecode.c.objc; path = SettingsViewController.m; sourceTree = "<group>"; };
		073E1F9A183457EF009C8ADF /* settings.png */ = {isa = PBXFileReference; lastKnownFileType = image.png; name = settings.png; path = iTravel/settings.png; sourceTree = "<group>"; };
		073E1FA418349DAA009C8ADF /* SettingsViewController.h */ = {isa = PBXFileReference; fileEncoding = 4; lastKnownFileType = sourcecode.c.h; path = SettingsViewController.h; sourceTree = "<group>"; };
		073E1FA71834B033009C8ADF /* chosen.png */ = {isa = PBXFileReference; lastKnownFileType = image.png; path = chosen.png; sourceTree = "<group>"; };
		073E1FA91834B041009C8ADF /* close.png */ = {isa = PBXFileReference; lastKnownFileType = image.png; path = close.png; sourceTree = "<group>"; };
		073E1FAB1834B6D5009C8ADF /* tick_blue.png */ = {isa = PBXFileReference; lastKnownFileType = image.png; path = tick_blue.png; sourceTree = "<group>"; };
		073E1FAC1834B6D5009C8ADF /* tick_blue@2x.png */ = {isa = PBXFileReference; lastKnownFileType = image.png; path = "tick_blue@2x.png"; sourceTree = "<group>"; };
		0745EB941842E37600CC4070 /* LanguageList.h */ = {isa = PBXFileReference; fileEncoding = 4; lastKnownFileType = sourcecode.c.h; path = LanguageList.h; sourceTree = "<group>"; };
		0745EB951842E37600CC4070 /* LanguageList.m */ = {isa = PBXFileReference; fileEncoding = 4; lastKnownFileType = sourcecode.c.objc; path = LanguageList.m; sourceTree = "<group>"; };
		0745EB971843025E00CC4070 /* back.png */ = {isa = PBXFileReference; lastKnownFileType = image.png; path = back.png; sourceTree = "<group>"; };
		0745EB991843249300CC4070 /* language.png */ = {isa = PBXFileReference; lastKnownFileType = image.png; path = language.png; sourceTree = "<group>"; };
		0745EB9E184333A500CC4070 /* SettingCells.h */ = {isa = PBXFileReference; fileEncoding = 4; lastKnownFileType = sourcecode.c.h; path = SettingCells.h; sourceTree = "<group>"; };
		0745EB9F184333A500CC4070 /* SettingCells.m */ = {isa = PBXFileReference; fileEncoding = 4; lastKnownFileType = sourcecode.c.objc; path = SettingCells.m; sourceTree = "<group>"; };
		0745EBA11843447400CC4070 /* Base */ = {isa = PBXFileReference; lastKnownFileType = file.storyboard; name = Base; path = Base.lproj/MainStoryboard_iPhone.storyboard; sourceTree = "<group>"; };
		0745EBA21843447400CC4070 /* Base */ = {isa = PBXFileReference; lastKnownFileType = file.storyboard; name = Base; path = Base.lproj/MainStoryboard_iPad.storyboard; sourceTree = "<group>"; };
		074ABE491831C9C400694174 /* 003_3.png */ = {isa = PBXFileReference; lastKnownFileType = image.png; path = 003_3.png; sourceTree = "<group>"; };
		074ABE4A1831C9C400694174 /* 003.png */ = {isa = PBXFileReference; lastKnownFileType = image.png; path = 003.png; sourceTree = "<group>"; };
		074ABE511831CF1900694174 /* 002_2.png */ = {isa = PBXFileReference; lastKnownFileType = image.png; path = 002_2.png; sourceTree = "<group>"; };
		074ABE521831CF1900694174 /* 002.png */ = {isa = PBXFileReference; lastKnownFileType = image.png; path = 002.png; sourceTree = "<group>"; };
		074ABE591831D78800694174 /* c-2-1.png */ = {isa = PBXFileReference; lastKnownFileType = image.png; path = "c-2-1.png"; sourceTree = "<group>"; };
		07507A261848181200E37E0D /* Reachability.h */ = {isa = PBXFileReference; lastKnownFileType = sourcecode.c.h; path = Reachability.h; sourceTree = "<group>"; };
		07507A271848181200E37E0D /* Reachability.m */ = {isa = PBXFileReference; lastKnownFileType = sourcecode.c.objc; path = Reachability.m; sourceTree = "<group>"; };
		07507A28184818B300E37E0D /* CFNetwork.framework */ = {isa = PBXFileReference; lastKnownFileType = wrapper.framework; name = CFNetwork.framework; path = System/Library/Frameworks/CFNetwork.framework; sourceTree = SDKROOT; };
		07507A2A1848190800E37E0D /* SystemConfiguration.framework */ = {isa = PBXFileReference; lastKnownFileType = wrapper.framework; name = SystemConfiguration.framework; path = System/Library/Frameworks/SystemConfiguration.framework; sourceTree = SDKROOT; };
		07507A2E1848605800E37E0D /* QuartzCore.framework */ = {isa = PBXFileReference; lastKnownFileType = wrapper.framework; name = QuartzCore.framework; path = System/Library/Frameworks/QuartzCore.framework; sourceTree = SDKROOT; };
		07507A301848811C00E37E0D /* Departure Place.plist */ = {isa = PBXFileReference; fileEncoding = 4; lastKnownFileType = text.plist.xml; path = "Departure Place.plist"; sourceTree = "<group>"; };
		07507A32184881B200E37E0D /* Destination.plist */ = {isa = PBXFileReference; fileEncoding = 4; lastKnownFileType = text.plist.xml; path = Destination.plist; sourceTree = "<group>"; };
		07534D1A18332E2A00AD9DE0 /* UVNMuaThu.TTF */ = {isa = PBXFileReference; lastKnownFileType = file; path = UVNMuaThu.TTF; sourceTree = "<group>"; };
		07534D1D1833469600AD9DE0 /* back-button@1x.png */ = {isa = PBXFileReference; lastKnownFileType = image.png; path = "back-button@1x.png"; sourceTree = "<group>"; };
		07534D1E1833469600AD9DE0 /* back-button@2x.png */ = {isa = PBXFileReference; lastKnownFileType = image.png; path = "back-button@2x.png"; sourceTree = "<group>"; };
		07534D231833723800AD9DE0 /* FavouritesViewController.h */ = {isa = PBXFileReference; fileEncoding = 4; lastKnownFileType = sourcecode.c.h; path = FavouritesViewController.h; sourceTree = "<group>"; };
		07534D241833723800AD9DE0 /* FavouritesViewController.m */ = {isa = PBXFileReference; fileEncoding = 4; lastKnownFileType = sourcecode.c.objc; path = FavouritesViewController.m; sourceTree = "<group>"; };
		07534D261833725200AD9DE0 /* SearchViewController.h */ = {isa = PBXFileReference; fileEncoding = 4; lastKnownFileType = sourcecode.c.h; path = SearchViewController.h; sourceTree = "<group>"; };
		07534D271833725200AD9DE0 /* SearchViewController.m */ = {isa = PBXFileReference; fileEncoding = 4; lastKnownFileType = sourcecode.c.objc; path = SearchViewController.m; sourceTree = "<group>"; };
		07534D2C1833727000AD9DE0 /* HistoryViewController.h */ = {isa = PBXFileReference; fileEncoding = 4; lastKnownFileType = sourcecode.c.h; path = HistoryViewController.h; sourceTree = "<group>"; };
		07534D2D1833727000AD9DE0 /* HistoryViewController.m */ = {isa = PBXFileReference; fileEncoding = 4; lastKnownFileType = sourcecode.c.objc; path = HistoryViewController.m; sourceTree = "<group>"; };
		07A19E0A1845B66F00FDBD55 /* NewsCell.h */ = {isa = PBXFileReference; fileEncoding = 4; lastKnownFileType = sourcecode.c.h; path = NewsCell.h; sourceTree = "<group>"; };
		07A19E0B1845B66F00FDBD55 /* NewsCell.m */ = {isa = PBXFileReference; fileEncoding = 4; lastKnownFileType = sourcecode.c.objc; path = NewsCell.m; sourceTree = "<group>"; };
		07A19E0D1845C09900FDBD55 /* photo-frame.png */ = {isa = PBXFileReference; lastKnownFileType = image.png; path = "photo-frame.png"; sourceTree = "<group>"; };
		07A19E0F1845EFA700FDBD55 /* NewsiTravelCell.h */ = {isa = PBXFileReference; fileEncoding = 4; lastKnownFileType = sourcecode.c.h; path = NewsiTravelCell.h; sourceTree = "<group>"; };
		07A19E101845EFA700FDBD55 /* NewsiTravelCell.m */ = {isa = PBXFileReference; fileEncoding = 4; lastKnownFileType = sourcecode.c.objc; path = NewsiTravelCell.m; sourceTree = "<group>"; };
		07A19E121845FC7500FDBD55 /* ipad-arrow-selected.png */ = {isa = PBXFileReference; lastKnownFileType = image.png; path = "ipad-arrow-selected.png"; sourceTree = "<group>"; };
		07A19E141845FC8B00FDBD55 /* ipad-arrow-selected@2x.png */ = {isa = PBXFileReference; lastKnownFileType = image.png; path = "ipad-arrow-selected@2x.png"; sourceTree = "<group>"; };
		07A19E151845FC8B00FDBD55 /* ipad-arrow.png */ = {isa = PBXFileReference; lastKnownFileType = image.png; path = "ipad-arrow.png"; sourceTree = "<group>"; };
		07A19E161845FC8B00FDBD55 /* ipad-arrow@2x.png */ = {isa = PBXFileReference; lastKnownFileType = image.png; path = "ipad-arrow@2x.png"; sourceTree = "<group>"; };
		07A71A2A1846E2FF009F4A2B /* DetailNewsiTravelViewController.h */ = {isa = PBXFileReference; fileEncoding = 4; lastKnownFileType = sourcecode.c.h; path = DetailNewsiTravelViewController.h; sourceTree = "<group>"; };
		07A71A2B1846E300009F4A2B /* DetailNewsiTravelViewController.m */ = {isa = PBXFileReference; fileEncoding = 4; lastKnownFileType = sourcecode.c.objc; path = DetailNewsiTravelViewController.m; sourceTree = "<group>"; };
		07A71A3018473CF1009F4A2B /* File-48.png */ = {isa = PBXFileReference; lastKnownFileType = image.png; path = "File-48.png"; sourceTree = "<group>"; };
		07A71A3118473CF1009F4A2B /* Gift-48.png */ = {isa = PBXFileReference; lastKnownFileType = image.png; path = "Gift-48.png"; sourceTree = "<group>"; };
		07A71A3218473CF1009F4A2B /* Tag-48.png */ = {isa = PBXFileReference; lastKnownFileType = image.png; path = "Tag-48.png"; sourceTree = "<group>"; };
/* End PBXFileReference section */

/* Begin PBXFrameworksBuildPhase section */
		07356A131830A13E00D88EC6 /* Frameworks */ = {
			isa = PBXFrameworksBuildPhase;
			buildActionMask = 2147483647;
			files = (
				07104C56184F0D19007F669D /* MapKit.framework in Frameworks */,
				07104C53184F09B1007F669D /* ImageIO.framework in Frameworks */,
				07507A2F1848605800E37E0D /* QuartzCore.framework in Frameworks */,
				07356A1C1830A13F00D88EC6 /* Foundation.framework in Frameworks */,
				07507A2B1848190800E37E0D /* SystemConfiguration.framework in Frameworks */,
				07507A29184818B300E37E0D /* CFNetwork.framework in Frameworks */,
				07356A1A1830A13F00D88EC6 /* UIKit.framework in Frameworks */,
				07356A1E1830A13F00D88EC6 /* CoreGraphics.framework in Frameworks */,
			);
			runOnlyForDeploymentPostprocessing = 0;
		};
/* End PBXFrameworksBuildPhase section */

/* Begin PBXGroup section */
		0708FB7F18458CE2006B7296 /* MBProgressHUD */ = {
			isa = PBXGroup;
			children = (
				0708FB7D18458CDD006B7296 /* MBProgressHUD.h */,
				0708FB7E18458CDD006B7296 /* MBProgressHUD.m */,
			);
			name = MBProgressHUD;
			sourceTree = "<group>";
		};
		07104C26184F0973007F669D /* SDWebImage */ = {
			isa = PBXGroup;
			children = (
				07104C27184F0973007F669D /* MKAnnotationView+WebCache.h */,
				07104C28184F0973007F669D /* MKAnnotationView+WebCache.m */,
				07104C29184F0973007F669D /* NSData+GIF.h */,
				07104C2A184F0973007F669D /* NSData+GIF.m */,
				07104C2B184F0973007F669D /* SDImageCache.h */,
				07104C2C184F0973007F669D /* SDImageCache.m */,
				07104C2D184F0973007F669D /* SDWebImageCompat.h */,
				07104C2E184F0973007F669D /* SDWebImageCompat.m */,
				07104C2F184F0973007F669D /* SDWebImageDecoder.h */,
				07104C30184F0973007F669D /* SDWebImageDecoder.m */,
				07104C31184F0973007F669D /* SDWebImageDownloader.h */,
				07104C32184F0973007F669D /* SDWebImageDownloader.m */,
				07104C33184F0973007F669D /* SDWebImageDownloaderOperation.h */,
				07104C34184F0973007F669D /* SDWebImageDownloaderOperation.m */,
				07104C35184F0973007F669D /* SDWebImageManager.h */,
				07104C36184F0973007F669D /* SDWebImageManager.m */,
				07104C37184F0973007F669D /* SDWebImageOperation.h */,
				07104C38184F0973007F669D /* SDWebImagePrefetcher.h */,
				07104C39184F0973007F669D /* SDWebImagePrefetcher.m */,
				07104C3A184F0973007F669D /* UIButton+WebCache.h */,
				07104C3B184F0973007F669D /* UIButton+WebCache.m */,
				07104C3C184F0973007F669D /* UIImage+GIF.h */,
				07104C3D184F0973007F669D /* UIImage+GIF.m */,
				07104C3E184F0973007F669D /* UIImage+MultiFormat.h */,
				07104C3F184F0973007F669D /* UIImage+MultiFormat.m */,
				07104C40184F0973007F669D /* UIImage+WebP.h */,
				07104C41184F0973007F669D /* UIImage+WebP.m */,
				07104C42184F0973007F669D /* UIImageView+WebCache.h */,
				07104C43184F0973007F669D /* UIImageView+WebCache.m */,
			);
			path = SDWebImage;
			sourceTree = "<group>";
		};
		07104C5B184F18AC007F669D /* Event */ = {
			isa = PBXGroup;
			children = (
			);
			name = Event;
			sourceTree = "<group>";
		};
		07104C5C184F18B7007F669D /* News */ = {
			isa = PBXGroup;
			children = (
				0708FB7618458043006B7296 /* NewsViewController.h */,
				0708FB7718458043006B7296 /* NewsViewController.m */,
				07A71A2A1846E2FF009F4A2B /* DetailNewsiTravelViewController.h */,
				07A71A2B1846E300009F4A2B /* DetailNewsiTravelViewController.m */,
			);
			name = News;
			sourceTree = "<group>";
		};
		07104C5E184F18CA007F669D /* Promotion */ = {
			isa = PBXGroup;
			children = (
			);
			name = Promotion;
			sourceTree = "<group>";
		};
		072E6395183C402D00127A57 /* images */ = {
			isa = PBXGroup;
			children = (
				072E641C183C61E500127A57 /* BAN DO 62 TINH.png */,
				072E6396183C411A00127A57 /* AnGiang.png */,
				072E6397183C411A00127A57 /* BacGiang.png */,
				072E6398183C411A00127A57 /* BacKan.png */,
				072E6399183C411A00127A57 /* Baclieu.png */,
				072E639A183C411A00127A57 /* BacNinh.png */,
				072E639B183C411A00127A57 /* BaRia_VungTau.png */,
				072E639C183C411A00127A57 /* BenTre.png */,
				072E639D183C411A00127A57 /* BinhDinh.png */,
				072E639E183C411A00127A57 /* BinhDuong.png */,
				072E639F183C411A00127A57 /* BinhPHuoc.png */,
				072E63A0183C411A00127A57 /* BinhThuan.png */,
				072E63A1183C411A00127A57 /* Camau.png */,
				072E63A2183C411A00127A57 /* CanTho.png */,
				072E63A3183C411A00127A57 /* CaoBang.png */,
				072E63A4183C411A00127A57 /* ConDao.png */,
				072E63A5183C411A00127A57 /* DacLac.png */,
				072E63A6183C411A00127A57 /* DacNong.png */,
				072E63A7183C411A00127A57 /* DaNang.png */,
				072E63A8183C411A00127A57 /* DaoPhuQuoc.png */,
				072E63A9183C411A00127A57 /* DienBienPhu.png */,
				072E63AA183C411A00127A57 /* DongNai.png */,
				072E63AB183C411A00127A57 /* DongThap.png */,
				072E63AC183C411A00127A57 /* GiaLai.png */,
				072E63AD183C411A00127A57 /* HaGiang.png */,
				072E63AE183C411A00127A57 /* HaiDuong.png */,
				072E63AF183C411A00127A57 /* HaiPhong.png */,
				072E63B0183C411A00127A57 /* HaNam.png */,
				072E63B1183C411A00127A57 /* HaNoi.png */,
				072E63B2183C411A00127A57 /* HaTay.png */,
				072E63B3183C411A00127A57 /* HaTinh.png */,
				072E63B4183C411A00127A57 /* HoaBinh.png */,
				072E63B5183C411A00127A57 /* Hue.png */,
				072E63B6183C411A00127A57 /* HungYen.png */,
				072E63B7183C411A00127A57 /* KhanhHoa.png */,
				072E63B8183C411A00127A57 /* KienGiang.png */,
				072E63B9183C411A00127A57 /* KonTum.png */,
				072E63BA183C411A00127A57 /* LaiChau.png */,
				072E63BB183C411A00127A57 /* LamDong.png */,
				072E63BC183C411A00127A57 /* LangSon.png */,
				072E63BD183C411A00127A57 /* LaoCai.png */,
				072E63BE183C411A00127A57 /* LongAn.png */,
				072E63BF183C411A00127A57 /* NamDinh.png */,
				072E63C0183C411A00127A57 /* NgheAn.png */,
				072E63C1183C411A00127A57 /* NinhBinh.png */,
				072E63C2183C411A00127A57 /* NinhThuan.png */,
				072E63C3183C411A00127A57 /* PhuTho.png */,
				072E63C4183C411A00127A57 /* PhuYen.png */,
				072E63C5183C411A00127A57 /* QuanDaoHoangSa.png */,
				072E63C6183C411A00127A57 /* QuanDaoTruongSa.png */,
				072E63C7183C411A00127A57 /* QuangBinh.png */,
				072E63C8183C411A00127A57 /* QuangNam.png */,
				072E63C9183C411A00127A57 /* QuangNgai.png */,
				072E63CA183C411A00127A57 /* QuangNinh.png */,
				072E63CB183C411A00127A57 /* QuangTri.png */,
				072E63CC183C411A00127A57 /* SocTrang.png */,
				072E63CD183C411A00127A57 /* SonLa.png */,
				072E63CE183C411A00127A57 /* TayNinh.png */,
				072E63CF183C411A00127A57 /* ThaiBinh.png */,
				072E63D0183C411A00127A57 /* ThaiNguyen.png */,
				072E63D1183C411A00127A57 /* ThanhHoa.png */,
				072E63D2183C411A00127A57 /* TienGiang.png */,
				072E63D3183C411A00127A57 /* TPHCM.png */,
				072E63D4183C411A00127A57 /* TraVinh.png */,
				072E63D5183C411A00127A57 /* TuyenQuang.png */,
				072E63D6183C411A00127A57 /* VinhLong.png */,
				072E63D7183C411A00127A57 /* VinhPhuc.png */,
				072E63D8183C411A00127A57 /* YenBai.png */,
			);
			name = images;
			sourceTree = "<group>";
		};
		07356A0D1830A13E00D88EC6 = {
			isa = PBXGroup;
			children = (
				07104C55184F0D19007F669D /* MapKit.framework */,
				07104C52184F09B1007F669D /* ImageIO.framework */,
				07507A24184817E600E37E0D /* Network */,
				07356A4B1830BD2E00D88EC6 /* icon114.png */,
				07A71A3018473CF1009F4A2B /* File-48.png */,
				07104C57184F14E8007F669D /* placeholder.png */,
				07104C58184F14E8007F669D /* placeholder@2x.png */,
				07A71A3118473CF1009F4A2B /* Gift-48.png */,
				07A71A3218473CF1009F4A2B /* Tag-48.png */,
				07A19E0D1845C09900FDBD55 /* photo-frame.png */,
				07356A491830BD2500D88EC6 /* icon57.png */,
				0704729818321BB7002DCB12 /* tv.png */,
				0708FB79184580E1006B7296 /* tv_1.png */,
				0704729A1832246A002DCB12 /* clock.png */,
				0708FB7B18458248006B7296 /* clock_1.png */,
				0704729618320B5E002DCB12 /* bg.png */,
				07047294183207FF002DCB12 /* c-2-1-1.png */,
				070472901831FCD1002DCB12 /* 001_1.png */,
				07047292183202E9002DCB12 /* 001.png */,
				074ABE491831C9C400694174 /* 003_3.png */,
				074ABE4A1831C9C400694174 /* 003.png */,
				074ABE511831CF1900694174 /* 002_2.png */,
				074ABE521831CF1900694174 /* 002.png */,
				074ABE591831D78800694174 /* c-2-1.png */,
				07534D1D1833469600AD9DE0 /* back-button@1x.png */,
				07534D1E1833469600AD9DE0 /* back-button@2x.png */,
				0745EB971843025E00CC4070 /* back.png */,
				073E1FA71834B033009C8ADF /* chosen.png */,
				073E1FA91834B041009C8ADF /* close.png */,
				073E1FAB1834B6D5009C8ADF /* tick_blue.png */,
				073E1FAC1834B6D5009C8ADF /* tick_blue@2x.png */,
				0745EB991843249300CC4070 /* language.png */,
				073E1F9A183457EF009C8ADF /* settings.png */,
				07A19E121845FC7500FDBD55 /* ipad-arrow-selected.png */,
				07A19E141845FC8B00FDBD55 /* ipad-arrow-selected@2x.png */,
				07A19E151845FC8B00FDBD55 /* ipad-arrow.png */,
				07A19E161845FC8B00FDBD55 /* ipad-arrow@2x.png */,
				07356A451830BD0400D88EC6 /* icon57.png */,
				07356A411830BBED00D88EC6 /* Default@2x.png */,
				07356A3F1830BBED00D88EC6 /* Default-568h@2x.png */,
				07356A401830BBED00D88EC6 /* Default.png */,
				07356A461830BD0400D88EC6 /* icon114.png */,
				07356A1F1830A13F00D88EC6 /* iTravel */,
				07356A181830A13E00D88EC6 /* Frameworks */,
				07356A171830A13E00D88EC6 /* Products */,
			);
			sourceTree = "<group>";
		};
		07356A171830A13E00D88EC6 /* Products */ = {
			isa = PBXGroup;
			children = (
				07356A161830A13E00D88EC6 /* iTravel.app */,
			);
			name = Products;
			sourceTree = "<group>";
		};
		07356A181830A13E00D88EC6 /* Frameworks */ = {
			isa = PBXGroup;
			children = (
				07507A2E1848605800E37E0D /* QuartzCore.framework */,
				07507A2A1848190800E37E0D /* SystemConfiguration.framework */,
				07507A28184818B300E37E0D /* CFNetwork.framework */,
				07356A191830A13E00D88EC6 /* UIKit.framework */,
				07356A1B1830A13F00D88EC6 /* Foundation.framework */,
				07356A1D1830A13F00D88EC6 /* CoreGraphics.framework */,
			);
			name = Frameworks;
			sourceTree = "<group>";
		};
		07356A1F1830A13F00D88EC6 /* iTravel */ = {
			isa = PBXGroup;
			children = (
				07356A281830A13F00D88EC6 /* iTravelAppDelegate.h */,
				07356A291830A13F00D88EC6 /* iTravelAppDelegate.m */,
				07356A341830A13F00D88EC6 /* MainStoryboard_iPad.storyboard */,
				07356A311830A13F00D88EC6 /* MainStoryboard_iPhone.storyboard */,
				07507A371848825C00E37E0D /* History */,
				07507A361848825500E37E0D /* Favourites */,
				07497AF5183B117F008A2D8B /* View */,
				07507A2D184839E200E37E0D /* Search */,
				07507A351848822D00E37E0D /* Settings */,
				07507A34184881F800E37E0D /* Home */,
				07A71A2D1846E317009F4A2B /* News */,
				072E6395183C402D00127A57 /* images */,
				07356A201830A13F00D88EC6 /* Supporting Files */,
			);
			path = iTravel;
			sourceTree = "<group>";
		};
		07356A201830A13F00D88EC6 /* Supporting Files */ = {
			isa = PBXGroup;
			children = (
				07534D1A18332E2A00AD9DE0 /* UVNMuaThu.TTF */,
				07356A211830A13F00D88EC6 /* iTravel-Info.plist */,
				07356A221830A13F00D88EC6 /* InfoPlist.strings */,
				07356A251830A13F00D88EC6 /* main.m */,
				07356A271830A13F00D88EC6 /* iTravel-Prefix.pch */,
				07356A2B1830A13F00D88EC6 /* Default.png */,
				07356A2D1830A13F00D88EC6 /* Default@2x.png */,
				07356A2F1830A13F00D88EC6 /* Default-568h@2x.png */,
			);
			name = "Supporting Files";
			sourceTree = "<group>";
		};
		07497AF5183B117F008A2D8B /* View */ = {
			isa = PBXGroup;
			children = (
				07497AF6183B1189008A2D8B /* Cell */,
			);
			name = View;
			sourceTree = "<group>";
		};
		07497AF6183B1189008A2D8B /* Cell */ = {
			isa = PBXGroup;
			children = (
				07A71A2F1846E3A8009F4A2B /* Settings */,
				07A71A2E1846E397009F4A2B /* News */,
			);
			name = Cell;
			sourceTree = "<group>";
		};
		07507A24184817E600E37E0D /* Network */ = {
			isa = PBXGroup;
			children = (
				07104C26184F0973007F669D /* SDWebImage */,
				07507A25184817F200E37E0D /* Connect */,
				0708FB7F18458CE2006B7296 /* MBProgressHUD */,
			);
			name = Network;
			sourceTree = "<group>";
		};
		07507A25184817F200E37E0D /* Connect */ = {
			isa = PBXGroup;
			children = (
				07507A261848181200E37E0D /* Reachability.h */,
				07507A271848181200E37E0D /* Reachability.m */,
			);
			name = Connect;
			sourceTree = "<group>";
		};
		07507A2D184839E200E37E0D /* Search */ = {
			isa = PBXGroup;
			children = (
				07507A301848811C00E37E0D /* Departure Place.plist */,
				07507A32184881B200E37E0D /* Destination.plist */,
				07534D261833725200AD9DE0 /* SearchViewController.h */,
				07534D271833725200AD9DE0 /* SearchViewController.m */,
			);
			name = Search;
			sourceTree = "<group>";
		};
		07507A34184881F800E37E0D /* Home */ = {
			isa = PBXGroup;
			children = (
				07356A371830A13F00D88EC6 /* iTravelViewController.h */,
				07356A381830A13F00D88EC6 /* iTravelViewController.m */,
			);
			name = Home;
			sourceTree = "<group>";
		};
		07507A351848822D00E37E0D /* Settings */ = {
			isa = PBXGroup;
			children = (
				0745EB941842E37600CC4070 /* LanguageList.h */,
				0745EB951842E37600CC4070 /* LanguageList.m */,
				073E1FA418349DAA009C8ADF /* SettingsViewController.h */,
				073C7FC218444C3F00023CF2 /* SettingsViewController.m */,
			);
			name = Settings;
			sourceTree = "<group>";
		};
		07507A361848825500E37E0D /* Favourites */ = {
			isa = PBXGroup;
			children = (
				07534D231833723800AD9DE0 /* FavouritesViewController.h */,
				07534D241833723800AD9DE0 /* FavouritesViewController.m */,
			);
			name = Favourites;
			sourceTree = "<group>";
		};
		07507A371848825C00E37E0D /* History */ = {
			isa = PBXGroup;
			children = (
				07534D2C1833727000AD9DE0 /* HistoryViewController.h */,
				07534D2D1833727000AD9DE0 /* HistoryViewController.m */,
			);
			name = History;
			sourceTree = "<group>";
		};
		07A71A2D1846E317009F4A2B /* News */ = {
			isa = PBXGroup;
			children = (
				07104C5E184F18CA007F669D /* Promotion */,
				07104C5C184F18B7007F669D /* News */,
				07104C5B184F18AC007F669D /* Event */,
			);
			name = News;
			sourceTree = "<group>";
		};
		07A71A2E1846E397009F4A2B /* News */ = {
			isa = PBXGroup;
			children = (
				07A19E0F1845EFA700FDBD55 /* NewsiTravelCell.h */,
				07A19E101845EFA700FDBD55 /* NewsiTravelCell.m */,
				07A19E0A1845B66F00FDBD55 /* NewsCell.h */,
				07A19E0B1845B66F00FDBD55 /* NewsCell.m */,
			);
			name = News;
			sourceTree = "<group>";
		};
		07A71A2F1846E3A8009F4A2B /* Settings */ = {
			isa = PBXGroup;
			children = (
				0745EB9E184333A500CC4070 /* SettingCells.h */,
				0745EB9F184333A500CC4070 /* SettingCells.m */,
			);
			name = Settings;
			sourceTree = "<group>";
		};
/* End PBXGroup section */

/* Begin PBXNativeTarget section */
		07356A151830A13E00D88EC6 /* iTravel */ = {
			isa = PBXNativeTarget;
			buildConfigurationList = 07356A3C1830A13F00D88EC6 /* Build configuration list for PBXNativeTarget "iTravel" */;
			buildPhases = (
				07356A121830A13E00D88EC6 /* Sources */,
				07356A131830A13E00D88EC6 /* Frameworks */,
				07356A141830A13E00D88EC6 /* Resources */,
			);
			buildRules = (
			);
			dependencies = (
			);
			name = iTravel;
			productName = iTravel;
			productReference = 07356A161830A13E00D88EC6 /* iTravel.app */;
			productType = "com.apple.product-type.application";
		};
/* End PBXNativeTarget section */

/* Begin PBXProject section */
		07356A0E1830A13E00D88EC6 /* Project object */ = {
			isa = PBXProject;
			attributes = {
				CLASSPREFIX = iTravel;
				LastUpgradeCheck = 0460;
				ORGANIZATIONNAME = Thainq;
			};
			buildConfigurationList = 07356A111830A13E00D88EC6 /* Build configuration list for PBXProject "iTravel" */;
			compatibilityVersion = "Xcode 3.2";
			developmentRegion = English;
			hasScannedForEncodings = 0;
			knownRegions = (
				en,
				vi,
				Base,
				"vi-VN",
			);
			mainGroup = 07356A0D1830A13E00D88EC6;
			productRefGroup = 07356A171830A13E00D88EC6 /* Products */;
			projectDirPath = "";
			projectRoot = "";
			targets = (
				07356A151830A13E00D88EC6 /* iTravel */,
			);
		};
/* End PBXProject section */

/* Begin PBXResourcesBuildPhase section */
		07356A141830A13E00D88EC6 /* Resources */ = {
			isa = PBXResourcesBuildPhase;
			buildActionMask = 2147483647;
			files = (
				07356A241830A13F00D88EC6 /* InfoPlist.strings in Resources */,
				07356A331830A13F00D88EC6 /* MainStoryboard_iPhone.storyboard in Resources */,
				07356A361830A13F00D88EC6 /* MainStoryboard_iPad.storyboard in Resources */,
				07356A421830BBED00D88EC6 /* Default-568h@2x.png in Resources */,
				07356A431830BBED00D88EC6 /* Default.png in Resources */,
				07356A441830BBED00D88EC6 /* Default@2x.png in Resources */,
				07356A471830BD0400D88EC6 /* icon57.png in Resources */,
				07356A481830BD0400D88EC6 /* icon114.png in Resources */,
				074ABE4B1831C9C400694174 /* 003_3.png in Resources */,
				074ABE4C1831C9C400694174 /* 003.png in Resources */,
				074ABE531831CF1900694174 /* 002_2.png in Resources */,
				074ABE541831CF1900694174 /* 002.png in Resources */,
				074ABE5A1831D78800694174 /* c-2-1.png in Resources */,
				070472911831FCD1002DCB12 /* 001_1.png in Resources */,
				07047293183202E9002DCB12 /* 001.png in Resources */,
				07047295183207FF002DCB12 /* c-2-1-1.png in Resources */,
				0704729718320B5E002DCB12 /* bg.png in Resources */,
				0704729918321BB7002DCB12 /* tv.png in Resources */,
				0704729B1832246A002DCB12 /* clock.png in Resources */,
				07534D1F1833469600AD9DE0 /* back-button@1x.png in Resources */,
				07534D201833469600AD9DE0 /* back-button@2x.png in Resources */,
				073E1F9B183457EF009C8ADF /* settings.png in Resources */,
				073E1FA81834B034009C8ADF /* chosen.png in Resources */,
				073E1FAA1834B041009C8ADF /* close.png in Resources */,
				073E1FAD1834B6D6009C8ADF /* tick_blue.png in Resources */,
				073E1FAE1834B6D6009C8ADF /* tick_blue@2x.png in Resources */,
				072E63D9183C411A00127A57 /* AnGiang.png in Resources */,
				072E63DA183C411A00127A57 /* BacGiang.png in Resources */,
				072E63DB183C411A00127A57 /* BacKan.png in Resources */,
				072E63DC183C411A00127A57 /* Baclieu.png in Resources */,
				072E63DD183C411A00127A57 /* BacNinh.png in Resources */,
				072E63DE183C411A00127A57 /* BaRia_VungTau.png in Resources */,
				072E63DF183C411A00127A57 /* BenTre.png in Resources */,
				072E63E0183C411A00127A57 /* BinhDinh.png in Resources */,
				072E63E1183C411A00127A57 /* BinhDuong.png in Resources */,
				072E63E2183C411A00127A57 /* BinhPHuoc.png in Resources */,
				072E63E3183C411A00127A57 /* BinhThuan.png in Resources */,
				072E63E4183C411A00127A57 /* Camau.png in Resources */,
				072E63E5183C411A00127A57 /* CanTho.png in Resources */,
				072E63E6183C411A00127A57 /* CaoBang.png in Resources */,
				072E63E7183C411A00127A57 /* ConDao.png in Resources */,
				072E63E8183C411A00127A57 /* DacLac.png in Resources */,
				072E63E9183C411A00127A57 /* DacNong.png in Resources */,
				072E63EA183C411A00127A57 /* DaNang.png in Resources */,
				072E63EB183C411A00127A57 /* DaoPhuQuoc.png in Resources */,
				072E63EC183C411A00127A57 /* DienBienPhu.png in Resources */,
				072E63ED183C411A00127A57 /* DongNai.png in Resources */,
				072E63EE183C411A00127A57 /* DongThap.png in Resources */,
				072E63EF183C411A00127A57 /* GiaLai.png in Resources */,
				072E63F0183C411A00127A57 /* HaGiang.png in Resources */,
				072E63F1183C411A00127A57 /* HaiDuong.png in Resources */,
				072E63F2183C411A00127A57 /* HaiPhong.png in Resources */,
				072E63F3183C411A00127A57 /* HaNam.png in Resources */,
				072E63F4183C411A00127A57 /* HaNoi.png in Resources */,
				072E63F5183C411A00127A57 /* HaTay.png in Resources */,
				072E63F6183C411A00127A57 /* HaTinh.png in Resources */,
				072E63F7183C411A00127A57 /* HoaBinh.png in Resources */,
				072E63F8183C411A00127A57 /* Hue.png in Resources */,
				072E63F9183C411A00127A57 /* HungYen.png in Resources */,
				072E63FA183C411A00127A57 /* KhanhHoa.png in Resources */,
				072E63FB183C411A00127A57 /* KienGiang.png in Resources */,
				072E63FC183C411A00127A57 /* KonTum.png in Resources */,
				072E63FD183C411A00127A57 /* LaiChau.png in Resources */,
				072E63FE183C411A00127A57 /* LamDong.png in Resources */,
				072E63FF183C411A00127A57 /* LangSon.png in Resources */,
				072E6400183C411A00127A57 /* LaoCai.png in Resources */,
				072E6401183C411A00127A57 /* LongAn.png in Resources */,
				072E6402183C411A00127A57 /* NamDinh.png in Resources */,
				072E6403183C411A00127A57 /* NgheAn.png in Resources */,
				072E6404183C411A00127A57 /* NinhBinh.png in Resources */,
				072E6405183C411A00127A57 /* NinhThuan.png in Resources */,
				072E6406183C411A00127A57 /* PhuTho.png in Resources */,
				072E6407183C411A00127A57 /* PhuYen.png in Resources */,
				072E6408183C411A00127A57 /* QuanDaoHoangSa.png in Resources */,
				072E6409183C411A00127A57 /* QuanDaoTruongSa.png in Resources */,
				072E640A183C411A00127A57 /* QuangBinh.png in Resources */,
				072E640B183C411A00127A57 /* QuangNam.png in Resources */,
				072E640C183C411A00127A57 /* QuangNgai.png in Resources */,
				072E640D183C411A00127A57 /* QuangNinh.png in Resources */,
				072E640E183C411A00127A57 /* QuangTri.png in Resources */,
				072E640F183C411A00127A57 /* SocTrang.png in Resources */,
				072E6410183C411A00127A57 /* SonLa.png in Resources */,
				072E6411183C411A00127A57 /* TayNinh.png in Resources */,
				072E6412183C411A00127A57 /* ThaiBinh.png in Resources */,
				072E6413183C411A00127A57 /* ThaiNguyen.png in Resources */,
				072E6414183C411A00127A57 /* ThanhHoa.png in Resources */,
				072E6415183C411A00127A57 /* TienGiang.png in Resources */,
				072E6416183C411A00127A57 /* TPHCM.png in Resources */,
				072E6417183C411A00127A57 /* TraVinh.png in Resources */,
				072E6418183C411A00127A57 /* TuyenQuang.png in Resources */,
				072E6419183C411A00127A57 /* VinhLong.png in Resources */,
				072E641A183C411A00127A57 /* VinhPhuc.png in Resources */,
				072E641B183C411A00127A57 /* YenBai.png in Resources */,
				072E641D183C61E500127A57 /* BAN DO 62 TINH.png in Resources */,
				0745EB981843025E00CC4070 /* back.png in Resources */,
				0745EB9A1843249300CC4070 /* language.png in Resources */,
				0708FB7A184580E1006B7296 /* tv_1.png in Resources */,
				0708FB7C18458248006B7296 /* clock_1.png in Resources */,
				07A19E0E1845C09900FDBD55 /* photo-frame.png in Resources */,
				07A19E131845FC7500FDBD55 /* ipad-arrow-selected.png in Resources */,
				07A19E171845FC8B00FDBD55 /* ipad-arrow-selected@2x.png in Resources */,
				07A19E181845FC8B00FDBD55 /* ipad-arrow.png in Resources */,
				07A19E191845FC8B00FDBD55 /* ipad-arrow@2x.png in Resources */,
				07A71A3318473CF1009F4A2B /* File-48.png in Resources */,
				07A71A3418473CF1009F4A2B /* Gift-48.png in Resources */,
				07A71A3518473CF1009F4A2B /* Tag-48.png in Resources */,
				07507A311848811D00E37E0D /* Departure Place.plist in Resources */,
				07507A33184881B200E37E0D /* Destination.plist in Resources */,
				07104C59184F14E8007F669D /* placeholder.png in Resources */,
				07104C5A184F14E8007F669D /* placeholder@2x.png in Resources */,
			);
			runOnlyForDeploymentPostprocessing = 0;
		};
/* End PBXResourcesBuildPhase section */

/* Begin PBXSourcesBuildPhase section */
		07356A121830A13E00D88EC6 /* Sources */ = {
			isa = PBXSourcesBuildPhase;
			buildActionMask = 2147483647;
			files = (
				07356A261830A13F00D88EC6 /* main.m in Sources */,
				07356A2A1830A13F00D88EC6 /* iTravelAppDelegate.m in Sources */,
				07356A391830A13F00D88EC6 /* iTravelViewController.m in Sources */,
				07534D251833723800AD9DE0 /* FavouritesViewController.m in Sources */,
				07534D281833725200AD9DE0 /* SearchViewController.m in Sources */,
				07534D2E1833727000AD9DE0 /* HistoryViewController.m in Sources */,
				0745EB961842E37600CC4070 /* LanguageList.m in Sources */,
				0745EBA0184333A600CC4070 /* SettingCells.m in Sources */,
				073C7FC318444C3F00023CF2 /* SettingsViewController.m in Sources */,
				0708FB7818458043006B7296 /* NewsViewController.m in Sources */,
				0708FB80184593FE006B7296 /* MBProgressHUD.m in Sources */,
				07A19E0C1845B66F00FDBD55 /* NewsCell.m in Sources */,
				07A19E111845EFA700FDBD55 /* NewsiTravelCell.m in Sources */,
				07A71A2C1846E300009F4A2B /* DetailNewsiTravelViewController.m in Sources */,
				07507A2C18481A6800E37E0D /* Reachability.m in Sources */,
				07104C44184F0973007F669D /* MKAnnotationView+WebCache.m in Sources */,
				07104C45184F0973007F669D /* NSData+GIF.m in Sources */,
				07104C46184F0973007F669D /* SDImageCache.m in Sources */,
				07104C47184F0973007F669D /* SDWebImageCompat.m in Sources */,
				07104C48184F0973007F669D /* SDWebImageDecoder.m in Sources */,
				07104C49184F0973007F669D /* SDWebImageDownloader.m in Sources */,
				07104C4A184F0973007F669D /* SDWebImageDownloaderOperation.m in Sources */,
				07104C4B184F0973007F669D /* SDWebImageManager.m in Sources */,
				07104C4C184F0973007F669D /* SDWebImagePrefetcher.m in Sources */,
				07104C4D184F0973007F669D /* UIButton+WebCache.m in Sources */,
				07104C4E184F0973007F669D /* UIImage+GIF.m in Sources */,
				07104C4F184F0973007F669D /* UIImage+MultiFormat.m in Sources */,
				07104C50184F0973007F669D /* UIImage+WebP.m in Sources */,
				07104C51184F0973007F669D /* UIImageView+WebCache.m in Sources */,
			);
			runOnlyForDeploymentPostprocessing = 0;
		};
/* End PBXSourcesBuildPhase section */

/* Begin PBXVariantGroup section */
		07356A221830A13F00D88EC6 /* InfoPlist.strings */ = {
			isa = PBXVariantGroup;
			children = (
				07356A231830A13F00D88EC6 /* en */,
			);
			name = InfoPlist.strings;
			sourceTree = "<group>";
		};
		07356A311830A13F00D88EC6 /* MainStoryboard_iPhone.storyboard */ = {
			isa = PBXVariantGroup;
			children = (
				0745EBA11843447400CC4070 /* Base */,
				073C7FBD1844421000023CF2 /* en */,
			);
			name = MainStoryboard_iPhone.storyboard;
			sourceTree = "<group>";
		};
		07356A341830A13F00D88EC6 /* MainStoryboard_iPad.storyboard */ = {
			isa = PBXVariantGroup;
			children = (
				0745EBA21843447400CC4070 /* Base */,
			);
			name = MainStoryboard_iPad.storyboard;
			sourceTree = "<group>";
		};
/* End PBXVariantGroup section */

/* Begin XCBuildConfiguration section */
		07356A3A1830A13F00D88EC6 /* Debug */ = {
			isa = XCBuildConfiguration;
			buildSettings = {
				ALWAYS_SEARCH_USER_PATHS = NO;
				CLANG_CXX_LANGUAGE_STANDARD = "gnu++0x";
				CLANG_CXX_LIBRARY = "libc++";
				CLANG_ENABLE_OBJC_ARC = YES;
				CLANG_WARN_CONSTANT_CONVERSION = YES;
				CLANG_WARN_EMPTY_BODY = YES;
				CLANG_WARN_ENUM_CONVERSION = YES;
				CLANG_WARN_INT_CONVERSION = YES;
				CLANG_WARN__DUPLICATE_METHOD_MATCH = YES;
				"CODE_SIGN_IDENTITY[sdk=iphoneos*]" = "iPhone Developer";
				COPY_PHASE_STRIP = NO;
				GCC_C_LANGUAGE_STANDARD = gnu99;
				GCC_DYNAMIC_NO_PIC = NO;
				GCC_OPTIMIZATION_LEVEL = 0;
				GCC_PREPROCESSOR_DEFINITIONS = (
					"DEBUG=1",
					"$(inherited)",
				);
				GCC_SYMBOLS_PRIVATE_EXTERN = NO;
				GCC_WARN_ABOUT_RETURN_TYPE = YES;
				GCC_WARN_UNINITIALIZED_AUTOS = YES;
				GCC_WARN_UNUSED_VARIABLE = YES;
				IPHONEOS_DEPLOYMENT_TARGET = 6.1;
				ONLY_ACTIVE_ARCH = YES;
				SDKROOT = iphoneos;
				TARGETED_DEVICE_FAMILY = "1,2";
			};
			name = Debug;
		};
		07356A3B1830A13F00D88EC6 /* Release */ = {
			isa = XCBuildConfiguration;
			buildSettings = {
				ALWAYS_SEARCH_USER_PATHS = NO;
				CLANG_CXX_LANGUAGE_STANDARD = "gnu++0x";
				CLANG_CXX_LIBRARY = "libc++";
				CLANG_ENABLE_OBJC_ARC = YES;
				CLANG_WARN_CONSTANT_CONVERSION = YES;
				CLANG_WARN_EMPTY_BODY = YES;
				CLANG_WARN_ENUM_CONVERSION = YES;
				CLANG_WARN_INT_CONVERSION = YES;
				CLANG_WARN__DUPLICATE_METHOD_MATCH = YES;
				"CODE_SIGN_IDENTITY[sdk=iphoneos*]" = "iPhone Developer";
				COPY_PHASE_STRIP = YES;
				GCC_C_LANGUAGE_STANDARD = gnu99;
				GCC_WARN_ABOUT_RETURN_TYPE = YES;
				GCC_WARN_UNINITIALIZED_AUTOS = YES;
				GCC_WARN_UNUSED_VARIABLE = YES;
				IPHONEOS_DEPLOYMENT_TARGET = 6.1;
				OTHER_CFLAGS = "-DNS_BLOCK_ASSERTIONS=1";
				SDKROOT = iphoneos;
				TARGETED_DEVICE_FAMILY = "1,2";
				VALIDATE_PRODUCT = YES;
			};
			name = Release;
		};
		07356A3D1830A13F00D88EC6 /* Debug */ = {
			isa = XCBuildConfiguration;
			buildSettings = {
				GCC_PRECOMPILE_PREFIX_HEADER = YES;
				GCC_PREFIX_HEADER = "iTravel/iTravel-Prefix.pch";
				INFOPLIST_FILE = "iTravel/iTravel-Info.plist";
				OTHER_LDFLAGS = "-ObjC";
				PRODUCT_NAME = "$(TARGET_NAME)";
				WRAPPER_EXTENSION = app;
			};
			name = Debug;
		};
		07356A3E1830A13F00D88EC6 /* Release */ = {
			isa = XCBuildConfiguration;
			buildSettings = {
				GCC_PRECOMPILE_PREFIX_HEADER = YES;
				GCC_PREFIX_HEADER = "iTravel/iTravel-Prefix.pch";
				INFOPLIST_FILE = "iTravel/iTravel-Info.plist";
				OTHER_LDFLAGS = "-ObjC";
				PRODUCT_NAME = "$(TARGET_NAME)";
				WRAPPER_EXTENSION = app;
			};
			name = Release;
		};
/* End XCBuildConfiguration section */

/* Begin XCConfigurationList section */
		07356A111830A13E00D88EC6 /* Build configuration list for PBXProject "iTravel" */ = {
			isa = XCConfigurationList;
			buildConfigurations = (
				07356A3A1830A13F00D88EC6 /* Debug */,
				07356A3B1830A13F00D88EC6 /* Release */,
			);
			defaultConfigurationIsVisible = 0;
			defaultConfigurationName = Release;
		};
		07356A3C1830A13F00D88EC6 /* Build configuration list for PBXNativeTarget "iTravel" */ = {
			isa = XCConfigurationList;
			buildConfigurations = (
				07356A3D1830A13F00D88EC6 /* Debug */,
				07356A3E1830A13F00D88EC6 /* Release */,
			);
			defaultConfigurationIsVisible = 0;
			defaultConfigurationName = Release;
		};
/* End XCConfigurationList section */
	};
	rootObject = 07356A0E1830A13E00D88EC6 /* Project object */;
}
