// !$*UTF8*$!
{
	archiveVersion = 1;
	classes = {
	};
	objectVersion = 46;
	objects = {

/* Begin PBXBuildFile section */
		070472911831FCD1002DCB12 /* 001_1.png in Resources */ = {isa = PBXBuildFile; fileRef = 070472901831FCD1002DCB12 /* 001_1.png */; };
		07047293183202E9002DCB12 /* 001.png in Resources */ = {isa = PBXBuildFile; fileRef = 07047292183202E9002DCB12 /* 001.png */; };
		07047295183207FF002DCB12 /* c-2-1-1.png in Resources */ = {isa = PBXBuildFile; fileRef = 07047294183207FF002DCB12 /* c-2-1-1.png */; };
		0704729718320B5E002DCB12 /* bg.png in Resources */ = {isa = PBXBuildFile; fileRef = 0704729618320B5E002DCB12 /* bg.png */; };
		0704729918321BB7002DCB12 /* tv.png in Resources */ = {isa = PBXBuildFile; fileRef = 0704729818321BB7002DCB12 /* tv.png */; };
		0704729B1832246A002DCB12 /* clock.png in Resources */ = {isa = PBXBuildFile; fileRef = 0704729A1832246A002DCB12 /* clock.png */; };
		072E63D9183C411A00127A57 /* AnGiang.png in Resources */ = {isa = PBXBuildFile; fileRef = 072E6396183C411A00127A57 /* AnGiang.png */; };
		072E63DA183C411A00127A57 /* BacGiang.png in Resources */ = {isa = PBXBuildFile; fileRef = 072E6397183C411A00127A57 /* BacGiang.png */; };
		072E63DB183C411A00127A57 /* BacKan.png in Resources */ = {isa = PBXBuildFile; fileRef = 072E6398183C411A00127A57 /* BacKan.png */; };
		072E63DC183C411A00127A57 /* Baclieu.png in Resources */ = {isa = PBXBuildFile; fileRef = 072E6399183C411A00127A57 /* Baclieu.png */; };
		072E63DD183C411A00127A57 /* BacNinh.png in Resources */ = {isa = PBXBuildFile; fileRef = 072E639A183C411A00127A57 /* BacNinh.png */; };
		072E63DE183C411A00127A57 /* BaRia_VungTau.png in Resources */ = {isa = PBXBuildFile; fileRef = 072E639B183C411A00127A57 /* BaRia_VungTau.png */; };
		072E63DF183C411A00127A57 /* BenTre.png in Resources */ = {isa = PBXBuildFile; fileRef = 072E639C183C411A00127A57 /* BenTre.png */; };
		072E63E0183C411A00127A57 /* BinhDinh.png in Resources */ = {isa = PBXBuildFile; fileRef = 072E639D183C411A00127A57 /* BinhDinh.png */; };
		072E63E1183C411A00127A57 /* BinhDuong.png in Resources */ = {isa = PBXBuildFile; fileRef = 072E639E183C411A00127A57 /* BinhDuong.png */; };
		072E63E2183C411A00127A57 /* BinhPHuoc.png in Resources */ = {isa = PBXBuildFile; fileRef = 072E639F183C411A00127A57 /* BinhPHuoc.png */; };
		072E63E3183C411A00127A57 /* BinhThuan.png in Resources */ = {isa = PBXBuildFile; fileRef = 072E63A0183C411A00127A57 /* BinhThuan.png */; };
		072E63E4183C411A00127A57 /* Camau.png in Resources */ = {isa = PBXBuildFile; fileRef = 072E63A1183C411A00127A57 /* Camau.png */; };
		072E63E5183C411A00127A57 /* CanTho.png in Resources */ = {isa = PBXBuildFile; fileRef = 072E63A2183C411A00127A57 /* CanTho.png */; };
		072E63E6183C411A00127A57 /* CaoBang.png in Resources */ = {isa = PBXBuildFile; fileRef = 072E63A3183C411A00127A57 /* CaoBang.png */; };
		072E63E7183C411A00127A57 /* ConDao.png in Resources */ = {isa = PBXBuildFile; fileRef = 072E63A4183C411A00127A57 /* ConDao.png */; };
		072E63E8183C411A00127A57 /* DacLac.png in Resources */ = {isa = PBXBuildFile; fileRef = 072E63A5183C411A00127A57 /* DacLac.png */; };
		072E63E9183C411A00127A57 /* DacNong.png in Resources */ = {isa = PBXBuildFile; fileRef = 072E63A6183C411A00127A57 /* DacNong.png */; };
		072E63EA183C411A00127A57 /* DaNang.png in Resources */ = {isa = PBXBuildFile; fileRef = 072E63A7183C411A00127A57 /* DaNang.png */; };
		072E63EB183C411A00127A57 /* DaoPhuQuoc.png in Resources */ = {isa = PBXBuildFile; fileRef = 072E63A8183C411A00127A57 /* DaoPhuQuoc.png */; };
		072E63EC183C411A00127A57 /* DienBienPhu.png in Resources */ = {isa = PBXBuildFile; fileRef = 072E63A9183C411A00127A57 /* DienBienPhu.png */; };
		072E63ED183C411A00127A57 /* DongNai.png in Resources */ = {isa = PBXBuildFile; fileRef = 072E63AA183C411A00127A57 /* DongNai.png */; };
		072E63EE183C411A00127A57 /* DongThap.png in Resources */ = {isa = PBXBuildFile; fileRef = 072E63AB183C411A00127A57 /* DongThap.png */; };
		072E63EF183C411A00127A57 /* GiaLai.png in Resources */ = {isa = PBXBuildFile; fileRef = 072E63AC183C411A00127A57 /* GiaLai.png */; };
		072E63F0183C411A00127A57 /* HaGiang.png in Resources */ = {isa = PBXBuildFile; fileRef = 072E63AD183C411A00127A57 /* HaGiang.png */; };
		072E63F1183C411A00127A57 /* HaiDuong.png in Resources */ = {isa = PBXBuildFile; fileRef = 072E63AE183C411A00127A57 /* HaiDuong.png */; };
		072E63F2183C411A00127A57 /* HaiPhong.png in Resources */ = {isa = PBXBuildFile; fileRef = 072E63AF183C411A00127A57 /* HaiPhong.png */; };
		072E63F3183C411A00127A57 /* HaNam.png in Resources */ = {isa = PBXBuildFile; fileRef = 072E63B0183C411A00127A57 /* HaNam.png */; };
		072E63F4183C411A00127A57 /* HaNoi.png in Resources */ = {isa = PBXBuildFile; fileRef = 072E63B1183C411A00127A57 /* HaNoi.png */; };
		072E63F5183C411A00127A57 /* HaTay.png in Resources */ = {isa = PBXBuildFile; fileRef = 072E63B2183C411A00127A57 /* HaTay.png */; };
		072E63F6183C411A00127A57 /* HaTinh.png in Resources */ = {isa = PBXBuildFile; fileRef = 072E63B3183C411A00127A57 /* HaTinh.png */; };
		072E63F7183C411A00127A57 /* HoaBinh.png in Resources */ = {isa = PBXBuildFile; fileRef = 072E63B4183C411A00127A57 /* HoaBinh.png */; };
		072E63F8183C411A00127A57 /* Hue.png in Resources */ = {isa = PBXBuildFile; fileRef = 072E63B5183C411A00127A57 /* Hue.png */; };
		072E63F9183C411A00127A57 /* HungYen.png in Resources */ = {isa = PBXBuildFile; fileRef = 072E63B6183C411A00127A57 /* HungYen.png */; };
		072E63FA183C411A00127A57 /* KhanhHoa.png in Resources */ = {isa = PBXBuildFile; fileRef = 072E63B7183C411A00127A57 /* KhanhHoa.png */; };
		072E63FB183C411A00127A57 /* KienGiang.png in Resources */ = {isa = PBXBuildFile; fileRef = 072E63B8183C411A00127A57 /* KienGiang.png */; };
		072E63FC183C411A00127A57 /* KonTum.png in Resources */ = {isa = PBXBuildFile; fileRef = 072E63B9183C411A00127A57 /* KonTum.png */; };
		072E63FD183C411A00127A57 /* LaiChau.png in Resources */ = {isa = PBXBuildFile; fileRef = 072E63BA183C411A00127A57 /* LaiChau.png */; };
		072E63FE183C411A00127A57 /* LamDong.png in Resources */ = {isa = PBXBuildFile; fileRef = 072E63BB183C411A00127A57 /* LamDong.png */; };
		072E63FF183C411A00127A57 /* LangSon.png in Resources */ = {isa = PBXBuildFile; fileRef = 072E63BC183C411A00127A57 /* LangSon.png */; };
		072E6400183C411A00127A57 /* LaoCai.png in Resources */ = {isa = PBXBuildFile; fileRef = 072E63BD183C411A00127A57 /* LaoCai.png */; };
		072E6401183C411A00127A57 /* LongAn.png in Resources */ = {isa = PBXBuildFile; fileRef = 072E63BE183C411A00127A57 /* LongAn.png */; };
		072E6402183C411A00127A57 /* NamDinh.png in Resources */ = {isa = PBXBuildFile; fileRef = 072E63BF183C411A00127A57 /* NamDinh.png */; };
		072E6403183C411A00127A57 /* NgheAn.png in Resources */ = {isa = PBXBuildFile; fileRef = 072E63C0183C411A00127A57 /* NgheAn.png */; };
		072E6404183C411A00127A57 /* NinhBinh.png in Resources */ = {isa = PBXBuildFile; fileRef = 072E63C1183C411A00127A57 /* NinhBinh.png */; };
		072E6405183C411A00127A57 /* NinhThuan.png in Resources */ = {isa = PBXBuildFile; fileRef = 072E63C2183C411A00127A57 /* NinhThuan.png */; };
		072E6406183C411A00127A57 /* PhuTho.png in Resources */ = {isa = PBXBuildFile; fileRef = 072E63C3183C411A00127A57 /* PhuTho.png */; };
		072E6407183C411A00127A57 /* PhuYen.png in Resources */ = {isa = PBXBuildFile; fileRef = 072E63C4183C411A00127A57 /* PhuYen.png */; };
		072E6408183C411A00127A57 /* QuanDaoHoangSa.png in Resources */ = {isa = PBXBuildFile; fileRef = 072E63C5183C411A00127A57 /* QuanDaoHoangSa.png */; };
		072E6409183C411A00127A57 /* QuanDaoTruongSa.png in Resources */ = {isa = PBXBuildFile; fileRef = 072E63C6183C411A00127A57 /* QuanDaoTruongSa.png */; };
		072E640A183C411A00127A57 /* QuangBinh.png in Resources */ = {isa = PBXBuildFile; fileRef = 072E63C7183C411A00127A57 /* QuangBinh.png */; };
		072E640B183C411A00127A57 /* QuangNam.png in Resources */ = {isa = PBXBuildFile; fileRef = 072E63C8183C411A00127A57 /* QuangNam.png */; };
		072E640C183C411A00127A57 /* QuangNgai.png in Resources */ = {isa = PBXBuildFile; fileRef = 072E63C9183C411A00127A57 /* QuangNgai.png */; };
		072E640D183C411A00127A57 /* QuangNinh.png in Resources */ = {isa = PBXBuildFile; fileRef = 072E63CA183C411A00127A57 /* QuangNinh.png */; };
		072E640E183C411A00127A57 /* QuangTri.png in Resources */ = {isa = PBXBuildFile; fileRef = 072E63CB183C411A00127A57 /* QuangTri.png */; };
		072E640F183C411A00127A57 /* SocTrang.png in Resources */ = {isa = PBXBuildFile; fileRef = 072E63CC183C411A00127A57 /* SocTrang.png */; };
		072E6410183C411A00127A57 /* SonLa.png in Resources */ = {isa = PBXBuildFile; fileRef = 072E63CD183C411A00127A57 /* SonLa.png */; };
		072E6411183C411A00127A57 /* TayNinh.png in Resources */ = {isa = PBXBuildFile; fileRef = 072E63CE183C411A00127A57 /* TayNinh.png */; };
		072E6412183C411A00127A57 /* ThaiBinh.png in Resources */ = {isa = PBXBuildFile; fileRef = 072E63CF183C411A00127A57 /* ThaiBinh.png */; };
		072E6413183C411A00127A57 /* ThaiNguyen.png in Resources */ = {isa = PBXBuildFile; fileRef = 072E63D0183C411A00127A57 /* ThaiNguyen.png */; };
		072E6414183C411A00127A57 /* ThanhHoa.png in Resources */ = {isa = PBXBuildFile; fileRef = 072E63D1183C411A00127A57 /* ThanhHoa.png */; };
		072E6415183C411A00127A57 /* TienGiang.png in Resources */ = {isa = PBXBuildFile; fileRef = 072E63D2183C411A00127A57 /* TienGiang.png */; };
		072E6416183C411A00127A57 /* TPHCM.png in Resources */ = {isa = PBXBuildFile; fileRef = 072E63D3183C411A00127A57 /* TPHCM.png */; };
		072E6417183C411A00127A57 /* TraVinh.png in Resources */ = {isa = PBXBuildFile; fileRef = 072E63D4183C411A00127A57 /* TraVinh.png */; };
		072E6418183C411A00127A57 /* TuyenQuang.png in Resources */ = {isa = PBXBuildFile; fileRef = 072E63D5183C411A00127A57 /* TuyenQuang.png */; };
		072E6419183C411A00127A57 /* VinhLong.png in Resources */ = {isa = PBXBuildFile; fileRef = 072E63D6183C411A00127A57 /* VinhLong.png */; };
		072E641A183C411A00127A57 /* VinhPhuc.png in Resources */ = {isa = PBXBuildFile; fileRef = 072E63D7183C411A00127A57 /* VinhPhuc.png */; };
		072E641B183C411A00127A57 /* YenBai.png in Resources */ = {isa = PBXBuildFile; fileRef = 072E63D8183C411A00127A57 /* YenBai.png */; };
		072E641D183C61E500127A57 /* BAN DO 62 TINH.png in Resources */ = {isa = PBXBuildFile; fileRef = 072E641C183C61E500127A57 /* BAN DO 62 TINH.png */; };
		07356A1A1830A13F00D88EC6 /* UIKit.framework in Frameworks */ = {isa = PBXBuildFile; fileRef = 07356A191830A13E00D88EC6 /* UIKit.framework */; };
		07356A1C1830A13F00D88EC6 /* Foundation.framework in Frameworks */ = {isa = PBXBuildFile; fileRef = 07356A1B1830A13F00D88EC6 /* Foundation.framework */; };
		07356A1E1830A13F00D88EC6 /* CoreGraphics.framework in Frameworks */ = {isa = PBXBuildFile; fileRef = 07356A1D1830A13F00D88EC6 /* CoreGraphics.framework */; };
		07356A241830A13F00D88EC6 /* InfoPlist.strings in Resources */ = {isa = PBXBuildFile; fileRef = 07356A221830A13F00D88EC6 /* InfoPlist.strings */; };
		07356A261830A13F00D88EC6 /* main.m in Sources */ = {isa = PBXBuildFile; fileRef = 07356A251830A13F00D88EC6 /* main.m */; };
		07356A2A1830A13F00D88EC6 /* iTravelAppDelegate.m in Sources */ = {isa = PBXBuildFile; fileRef = 07356A291830A13F00D88EC6 /* iTravelAppDelegate.m */; };
		07356A331830A13F00D88EC6 /* MainStoryboard_iPhone.storyboard in Resources */ = {isa = PBXBuildFile; fileRef = 07356A311830A13F00D88EC6 /* MainStoryboard_iPhone.storyboard */; };
		07356A361830A13F00D88EC6 /* MainStoryboard_iPad.storyboard in Resources */ = {isa = PBXBuildFile; fileRef = 07356A341830A13F00D88EC6 /* MainStoryboard_iPad.storyboard */; };
		07356A391830A13F00D88EC6 /* iTravelViewController.m in Sources */ = {isa = PBXBuildFile; fileRef = 07356A381830A13F00D88EC6 /* iTravelViewController.m */; };
		07356A421830BBED00D88EC6 /* Default-568h@2x.png in Resources */ = {isa = PBXBuildFile; fileRef = 07356A3F1830BBED00D88EC6 /* Default-568h@2x.png */; };
		07356A431830BBED00D88EC6 /* Default.png in Resources */ = {isa = PBXBuildFile; fileRef = 07356A401830BBED00D88EC6 /* Default.png */; };
		07356A441830BBED00D88EC6 /* Default@2x.png in Resources */ = {isa = PBXBuildFile; fileRef = 07356A411830BBED00D88EC6 /* Default@2x.png */; };
		07356A471830BD0400D88EC6 /* icon57.png in Resources */ = {isa = PBXBuildFile; fileRef = 07356A451830BD0400D88EC6 /* icon57.png */; };
		07356A481830BD0400D88EC6 /* icon114.png in Resources */ = {isa = PBXBuildFile; fileRef = 07356A461830BD0400D88EC6 /* icon114.png */; };
		073E1F9B183457EF009C8ADF /* settings.png in Resources */ = {isa = PBXBuildFile; fileRef = 073E1F9A183457EF009C8ADF /* settings.png */; };
		073E1FA618349DAA009C8ADF /* SettingsViewController.m in Sources */ = {isa = PBXBuildFile; fileRef = 073E1FA518349DAA009C8ADF /* SettingsViewController.m */; };
		073E1FA81834B034009C8ADF /* chosen.png in Resources */ = {isa = PBXBuildFile; fileRef = 073E1FA71834B033009C8ADF /* chosen.png */; };
		073E1FAA1834B041009C8ADF /* close.png in Resources */ = {isa = PBXBuildFile; fileRef = 073E1FA91834B041009C8ADF /* close.png */; };
		073E1FAD1834B6D6009C8ADF /* tick_blue.png in Resources */ = {isa = PBXBuildFile; fileRef = 073E1FAB1834B6D5009C8ADF /* tick_blue.png */; };
		073E1FAE1834B6D6009C8ADF /* tick_blue@2x.png in Resources */ = {isa = PBXBuildFile; fileRef = 073E1FAC1834B6D5009C8ADF /* tick_blue@2x.png */; };
		07497AF4183B1172008A2D8B /* SettingsCell.m in Sources */ = {isa = PBXBuildFile; fileRef = 07497AF3183B1172008A2D8B /* SettingsCell.m */; };
		074ABE4B1831C9C400694174 /* 003_3.png in Resources */ = {isa = PBXBuildFile; fileRef = 074ABE491831C9C400694174 /* 003_3.png */; };
		074ABE4C1831C9C400694174 /* 003.png in Resources */ = {isa = PBXBuildFile; fileRef = 074ABE4A1831C9C400694174 /* 003.png */; };
		074ABE531831CF1900694174 /* 002_2.png in Resources */ = {isa = PBXBuildFile; fileRef = 074ABE511831CF1900694174 /* 002_2.png */; };
		074ABE541831CF1900694174 /* 002.png in Resources */ = {isa = PBXBuildFile; fileRef = 074ABE521831CF1900694174 /* 002.png */; };
		074ABE5A1831D78800694174 /* c-2-1.png in Resources */ = {isa = PBXBuildFile; fileRef = 074ABE591831D78800694174 /* c-2-1.png */; };
		07534D1C183345B800AD9DE0 /* back.png in Resources */ = {isa = PBXBuildFile; fileRef = 07534D1B183345B800AD9DE0 /* back.png */; };
		07534D1F1833469600AD9DE0 /* back-button@1x.png in Resources */ = {isa = PBXBuildFile; fileRef = 07534D1D1833469600AD9DE0 /* back-button@1x.png */; };
		07534D201833469600AD9DE0 /* back-button@2x.png in Resources */ = {isa = PBXBuildFile; fileRef = 07534D1E1833469600AD9DE0 /* back-button@2x.png */; };
		07534D251833723800AD9DE0 /* FavouritesViewController.m in Sources */ = {isa = PBXBuildFile; fileRef = 07534D241833723800AD9DE0 /* FavouritesViewController.m */; };
		07534D281833725200AD9DE0 /* SearchViewController.m in Sources */ = {isa = PBXBuildFile; fileRef = 07534D271833725200AD9DE0 /* SearchViewController.m */; };
		07534D2B1833726500AD9DE0 /* NewsViewController.m in Sources */ = {isa = PBXBuildFile; fileRef = 07534D2A1833726500AD9DE0 /* NewsViewController.m */; };
		07534D2E1833727000AD9DE0 /* HistoryViewController.m in Sources */ = {isa = PBXBuildFile; fileRef = 07534D2D1833727000AD9DE0 /* HistoryViewController.m */; };
/* End PBXBuildFile section */

/* Begin PBXFileReference section */
		070472901831FCD1002DCB12 /* 001_1.png */ = {isa = PBXFileReference; lastKnownFileType = image.png; path = 001_1.png; sourceTree = "<group>"; };
		07047292183202E9002DCB12 /* 001.png */ = {isa = PBXFileReference; lastKnownFileType = image.png; path = 001.png; sourceTree = "<group>"; };
		07047294183207FF002DCB12 /* c-2-1-1.png */ = {isa = PBXFileReference; lastKnownFileType = image.png; path = "c-2-1-1.png"; sourceTree = "<group>"; };
		0704729618320B5E002DCB12 /* bg.png */ = {isa = PBXFileReference; lastKnownFileType = image.png; path = bg.png; sourceTree = "<group>"; };
		0704729818321BB7002DCB12 /* tv.png */ = {isa = PBXFileReference; lastKnownFileType = image.png; path = tv.png; sourceTree = "<group>"; };
		0704729A1832246A002DCB12 /* clock.png */ = {isa = PBXFileReference; lastKnownFileType = image.png; path = clock.png; sourceTree = "<group>"; };
		072E6396183C411A00127A57 /* AnGiang.png */ = {isa = PBXFileReference; lastKnownFileType = image.png; path = AnGiang.png; sourceTree = "<group>"; };
		072E6397183C411A00127A57 /* BacGiang.png */ = {isa = PBXFileReference; lastKnownFileType = image.png; path = BacGiang.png; sourceTree = "<group>"; };
		072E6398183C411A00127A57 /* BacKan.png */ = {isa = PBXFileReference; lastKnownFileType = image.png; path = BacKan.png; sourceTree = "<group>"; };
		072E6399183C411A00127A57 /* Baclieu.png */ = {isa = PBXFileReference; lastKnownFileType = image.png; path = Baclieu.png; sourceTree = "<group>"; };
		072E639A183C411A00127A57 /* BacNinh.png */ = {isa = PBXFileReference; lastKnownFileType = image.png; path = BacNinh.png; sourceTree = "<group>"; };
		072E639B183C411A00127A57 /* BaRia_VungTau.png */ = {isa = PBXFileReference; lastKnownFileType = image.png; path = BaRia_VungTau.png; sourceTree = "<group>"; };
		072E639C183C411A00127A57 /* BenTre.png */ = {isa = PBXFileReference; lastKnownFileType = image.png; path = BenTre.png; sourceTree = "<group>"; };
		072E639D183C411A00127A57 /* BinhDinh.png */ = {isa = PBXFileReference; lastKnownFileType = image.png; path = BinhDinh.png; sourceTree = "<group>"; };
		072E639E183C411A00127A57 /* BinhDuong.png */ = {isa = PBXFileReference; lastKnownFileType = image.png; path = BinhDuong.png; sourceTree = "<group>"; };
		072E639F183C411A00127A57 /* BinhPHuoc.png */ = {isa = PBXFileReference; lastKnownFileType = image.png; path = BinhPHuoc.png; sourceTree = "<group>"; };
		072E63A0183C411A00127A57 /* BinhThuan.png */ = {isa = PBXFileReference; lastKnownFileType = image.png; path = BinhThuan.png; sourceTree = "<group>"; };
		072E63A1183C411A00127A57 /* Camau.png */ = {isa = PBXFileReference; lastKnownFileType = image.png; path = Camau.png; sourceTree = "<group>"; };
		072E63A2183C411A00127A57 /* CanTho.png */ = {isa = PBXFileReference; lastKnownFileType = image.png; path = CanTho.png; sourceTree = "<group>"; };
		072E63A3183C411A00127A57 /* CaoBang.png */ = {isa = PBXFileReference; lastKnownFileType = image.png; path = CaoBang.png; sourceTree = "<group>"; };
		072E63A4183C411A00127A57 /* ConDao.png */ = {isa = PBXFileReference; lastKnownFileType = image.png; path = ConDao.png; sourceTree = "<group>"; };
		072E63A5183C411A00127A57 /* DacLac.png */ = {isa = PBXFileReference; lastKnownFileType = image.png; path = DacLac.png; sourceTree = "<group>"; };
		072E63A6183C411A00127A57 /* DacNong.png */ = {isa = PBXFileReference; lastKnownFileType = image.png; path = DacNong.png; sourceTree = "<group>"; };
		072E63A7183C411A00127A57 /* DaNang.png */ = {isa = PBXFileReference; lastKnownFileType = image.png; path = DaNang.png; sourceTree = "<group>"; };
		072E63A8183C411A00127A57 /* DaoPhuQuoc.png */ = {isa = PBXFileReference; lastKnownFileType = image.png; path = DaoPhuQuoc.png; sourceTree = "<group>"; };
		072E63A9183C411A00127A57 /* DienBienPhu.png */ = {isa = PBXFileReference; lastKnownFileType = image.png; path = DienBienPhu.png; sourceTree = "<group>"; };
		072E63AA183C411A00127A57 /* DongNai.png */ = {isa = PBXFileReference; lastKnownFileType = image.png; path = DongNai.png; sourceTree = "<group>"; };
		072E63AB183C411A00127A57 /* DongThap.png */ = {isa = PBXFileReference; lastKnownFileType = image.png; path = DongThap.png; sourceTree = "<group>"; };
		072E63AC183C411A00127A57 /* GiaLai.png */ = {isa = PBXFileReference; lastKnownFileType = image.png; path = GiaLai.png; sourceTree = "<group>"; };
		072E63AD183C411A00127A57 /* HaGiang.png */ = {isa = PBXFileReference; lastKnownFileType = image.png; path = HaGiang.png; sourceTree = "<group>"; };
		072E63AE183C411A00127A57 /* HaiDuong.png */ = {isa = PBXFileReference; lastKnownFileType = image.png; path = HaiDuong.png; sourceTree = "<group>"; };
		072E63AF183C411A00127A57 /* HaiPhong.png */ = {isa = PBXFileReference; lastKnownFileType = image.png; path = HaiPhong.png; sourceTree = "<group>"; };
		072E63B0183C411A00127A57 /* HaNam.png */ = {isa = PBXFileReference; lastKnownFileType = image.png; path = HaNam.png; sourceTree = "<group>"; };
		072E63B1183C411A00127A57 /* HaNoi.png */ = {isa = PBXFileReference; lastKnownFileType = image.png; path = HaNoi.png; sourceTree = "<group>"; };
		072E63B2183C411A00127A57 /* HaTay.png */ = {isa = PBXFileReference; lastKnownFileType = image.png; path = HaTay.png; sourceTree = "<group>"; };
		072E63B3183C411A00127A57 /* HaTinh.png */ = {isa = PBXFileReference; lastKnownFileType = image.png; path = HaTinh.png; sourceTree = "<group>"; };
		072E63B4183C411A00127A57 /* HoaBinh.png */ = {isa = PBXFileReference; lastKnownFileType = image.png; path = HoaBinh.png; sourceTree = "<group>"; };
		072E63B5183C411A00127A57 /* Hue.png */ = {isa = PBXFileReference; lastKnownFileType = image.png; path = Hue.png; sourceTree = "<group>"; };
		072E63B6183C411A00127A57 /* HungYen.png */ = {isa = PBXFileReference; lastKnownFileType = image.png; path = HungYen.png; sourceTree = "<group>"; };
		072E63B7183C411A00127A57 /* KhanhHoa.png */ = {isa = PBXFileReference; lastKnownFileType = image.png; path = KhanhHoa.png; sourceTree = "<group>"; };
		072E63B8183C411A00127A57 /* KienGiang.png */ = {isa = PBXFileReference; lastKnownFileType = image.png; path = KienGiang.png; sourceTree = "<group>"; };
		072E63B9183C411A00127A57 /* KonTum.png */ = {isa = PBXFileReference; lastKnownFileType = image.png; path = KonTum.png; sourceTree = "<group>"; };
		072E63BA183C411A00127A57 /* LaiChau.png */ = {isa = PBXFileReference; lastKnownFileType = image.png; path = LaiChau.png; sourceTree = "<group>"; };
		072E63BB183C411A00127A57 /* LamDong.png */ = {isa = PBXFileReference; lastKnownFileType = image.png; path = LamDong.png; sourceTree = "<group>"; };
		072E63BC183C411A00127A57 /* LangSon.png */ = {isa = PBXFileReference; lastKnownFileType = image.png; path = LangSon.png; sourceTree = "<group>"; };
		072E63BD183C411A00127A57 /* LaoCai.png */ = {isa = PBXFileReference; lastKnownFileType = image.png; path = LaoCai.png; sourceTree = "<group>"; };
		072E63BE183C411A00127A57 /* LongAn.png */ = {isa = PBXFileReference; lastKnownFileType = image.png; path = LongAn.png; sourceTree = "<group>"; };
		072E63BF183C411A00127A57 /* NamDinh.png */ = {isa = PBXFileReference; lastKnownFileType = image.png; path = NamDinh.png; sourceTree = "<group>"; };
		072E63C0183C411A00127A57 /* NgheAn.png */ = {isa = PBXFileReference; lastKnownFileType = image.png; path = NgheAn.png; sourceTree = "<group>"; };
		072E63C1183C411A00127A57 /* NinhBinh.png */ = {isa = PBXFileReference; lastKnownFileType = image.png; path = NinhBinh.png; sourceTree = "<group>"; };
		072E63C2183C411A00127A57 /* NinhThuan.png */ = {isa = PBXFileReference; lastKnownFileType = image.png; path = NinhThuan.png; sourceTree = "<group>"; };
		072E63C3183C411A00127A57 /* PhuTho.png */ = {isa = PBXFileReference; lastKnownFileType = image.png; path = PhuTho.png; sourceTree = "<group>"; };
		072E63C4183C411A00127A57 /* PhuYen.png */ = {isa = PBXFileReference; lastKnownFileType = image.png; path = PhuYen.png; sourceTree = "<group>"; };
		072E63C5183C411A00127A57 /* QuanDaoHoangSa.png */ = {isa = PBXFileReference; lastKnownFileType = image.png; path = QuanDaoHoangSa.png; sourceTree = "<group>"; };
		072E63C6183C411A00127A57 /* QuanDaoTruongSa.png */ = {isa = PBXFileReference; lastKnownFileType = image.png; path = QuanDaoTruongSa.png; sourceTree = "<group>"; };
		072E63C7183C411A00127A57 /* QuangBinh.png */ = {isa = PBXFileReference; lastKnownFileType = image.png; path = QuangBinh.png; sourceTree = "<group>"; };
		072E63C8183C411A00127A57 /* QuangNam.png */ = {isa = PBXFileReference; lastKnownFileType = image.png; path = QuangNam.png; sourceTree = "<group>"; };
		072E63C9183C411A00127A57 /* QuangNgai.png */ = {isa = PBXFileReference; lastKnownFileType = image.png; path = QuangNgai.png; sourceTree = "<group>"; };
		072E63CA183C411A00127A57 /* QuangNinh.png */ = {isa = PBXFileReference; lastKnownFileType = image.png; path = QuangNinh.png; sourceTree = "<group>"; };
		072E63CB183C411A00127A57 /* QuangTri.png */ = {isa = PBXFileReference; lastKnownFileType = image.png; path = QuangTri.png; sourceTree = "<group>"; };
		072E63CC183C411A00127A57 /* SocTrang.png */ = {isa = PBXFileReference; lastKnownFileType = image.png; path = SocTrang.png; sourceTree = "<group>"; };
		072E63CD183C411A00127A57 /* SonLa.png */ = {isa = PBXFileReference; lastKnownFileType = image.png; path = SonLa.png; sourceTree = "<group>"; };
		072E63CE183C411A00127A57 /* TayNinh.png */ = {isa = PBXFileReference; lastKnownFileType = image.png; path = TayNinh.png; sourceTree = "<group>"; };
		072E63CF183C411A00127A57 /* ThaiBinh.png */ = {isa = PBXFileReference; lastKnownFileType = image.png; path = ThaiBinh.png; sourceTree = "<group>"; };
		072E63D0183C411A00127A57 /* ThaiNguyen.png */ = {isa = PBXFileReference; lastKnownFileType = image.png; path = ThaiNguyen.png; sourceTree = "<group>"; };
		072E63D1183C411A00127A57 /* ThanhHoa.png */ = {isa = PBXFileReference; lastKnownFileType = image.png; path = ThanhHoa.png; sourceTree = "<group>"; };
		072E63D2183C411A00127A57 /* TienGiang.png */ = {isa = PBXFileReference; lastKnownFileType = image.png; path = TienGiang.png; sourceTree = "<group>"; };
		072E63D3183C411A00127A57 /* TPHCM.png */ = {isa = PBXFileReference; lastKnownFileType = image.png; path = TPHCM.png; sourceTree = "<group>"; };
		072E63D4183C411A00127A57 /* TraVinh.png */ = {isa = PBXFileReference; lastKnownFileType = image.png; path = TraVinh.png; sourceTree = "<group>"; };
		072E63D5183C411A00127A57 /* TuyenQuang.png */ = {isa = PBXFileReference; lastKnownFileType = image.png; path = TuyenQuang.png; sourceTree = "<group>"; };
		072E63D6183C411A00127A57 /* VinhLong.png */ = {isa = PBXFileReference; lastKnownFileType = image.png; path = VinhLong.png; sourceTree = "<group>"; };
		072E63D7183C411A00127A57 /* VinhPhuc.png */ = {isa = PBXFileReference; lastKnownFileType = image.png; path = VinhPhuc.png; sourceTree = "<group>"; };
		072E63D8183C411A00127A57 /* YenBai.png */ = {isa = PBXFileReference; lastKnownFileType = image.png; path = YenBai.png; sourceTree = "<group>"; };
		072E641C183C61E500127A57 /* BAN DO 62 TINH.png */ = {isa = PBXFileReference; lastKnownFileType = image.png; path = "BAN DO 62 TINH.png"; sourceTree = "<group>"; };
		07356A161830A13E00D88EC6 /* iTravel.app */ = {isa = PBXFileReference; explicitFileType = wrapper.application; includeInIndex = 0; path = iTravel.app; sourceTree = BUILT_PRODUCTS_DIR; };
		07356A191830A13E00D88EC6 /* UIKit.framework */ = {isa = PBXFileReference; lastKnownFileType = wrapper.framework; name = UIKit.framework; path = System/Library/Frameworks/UIKit.framework; sourceTree = SDKROOT; };
		07356A1B1830A13F00D88EC6 /* Foundation.framework */ = {isa = PBXFileReference; lastKnownFileType = wrapper.framework; name = Foundation.framework; path = System/Library/Frameworks/Foundation.framework; sourceTree = SDKROOT; };
		07356A1D1830A13F00D88EC6 /* CoreGraphics.framework */ = {isa = PBXFileReference; lastKnownFileType = wrapper.framework; name = CoreGraphics.framework; path = System/Library/Frameworks/CoreGraphics.framework; sourceTree = SDKROOT; };
		07356A211830A13F00D88EC6 /* iTravel-Info.plist */ = {isa = PBXFileReference; lastKnownFileType = text.plist.xml; path = "iTravel-Info.plist"; sourceTree = "<group>"; };
		07356A231830A13F00D88EC6 /* en */ = {isa = PBXFileReference; lastKnownFileType = text.plist.strings; name = en; path = en.lproj/InfoPlist.strings; sourceTree = "<group>"; };
		07356A251830A13F00D88EC6 /* main.m */ = {isa = PBXFileReference; lastKnownFileType = sourcecode.c.objc; path = main.m; sourceTree = "<group>"; };
		07356A271830A13F00D88EC6 /* iTravel-Prefix.pch */ = {isa = PBXFileReference; lastKnownFileType = sourcecode.c.h; path = "iTravel-Prefix.pch"; sourceTree = "<group>"; };
		07356A281830A13F00D88EC6 /* iTravelAppDelegate.h */ = {isa = PBXFileReference; lastKnownFileType = sourcecode.c.h; path = iTravelAppDelegate.h; sourceTree = "<group>"; };
		07356A291830A13F00D88EC6 /* iTravelAppDelegate.m */ = {isa = PBXFileReference; lastKnownFileType = sourcecode.c.objc; path = iTravelAppDelegate.m; sourceTree = "<group>"; };
		07356A2B1830A13F00D88EC6 /* Default.png */ = {isa = PBXFileReference; lastKnownFileType = image.png; path = Default.png; sourceTree = "<group>"; };
		07356A2D1830A13F00D88EC6 /* Default@2x.png */ = {isa = PBXFileReference; lastKnownFileType = image.png; path = "Default@2x.png"; sourceTree = "<group>"; };
		07356A2F1830A13F00D88EC6 /* Default-568h@2x.png */ = {isa = PBXFileReference; lastKnownFileType = image.png; path = "Default-568h@2x.png"; sourceTree = "<group>"; };
		07356A321830A13F00D88EC6 /* en */ = {isa = PBXFileReference; lastKnownFileType = file.storyboard; name = en; path = en.lproj/MainStoryboard_iPhone.storyboard; sourceTree = "<group>"; };
		07356A351830A13F00D88EC6 /* en */ = {isa = PBXFileReference; lastKnownFileType = file.storyboard; name = en; path = en.lproj/MainStoryboard_iPad.storyboard; sourceTree = "<group>"; };
		07356A371830A13F00D88EC6 /* iTravelViewController.h */ = {isa = PBXFileReference; lastKnownFileType = sourcecode.c.h; path = iTravelViewController.h; sourceTree = "<group>"; };
		07356A381830A13F00D88EC6 /* iTravelViewController.m */ = {isa = PBXFileReference; lastKnownFileType = sourcecode.c.objc; path = iTravelViewController.m; sourceTree = "<group>"; };
		07356A3F1830BBED00D88EC6 /* Default-568h@2x.png */ = {isa = PBXFileReference; lastKnownFileType = image.png; path = "Default-568h@2x.png"; sourceTree = "<group>"; };
		07356A401830BBED00D88EC6 /* Default.png */ = {isa = PBXFileReference; lastKnownFileType = image.png; path = Default.png; sourceTree = "<group>"; };
		07356A411830BBED00D88EC6 /* Default@2x.png */ = {isa = PBXFileReference; lastKnownFileType = image.png; path = "Default@2x.png"; sourceTree = "<group>"; };
		07356A451830BD0400D88EC6 /* icon57.png */ = {isa = PBXFileReference; lastKnownFileType = image.png; path = icon57.png; sourceTree = "<group>"; };
		07356A461830BD0400D88EC6 /* icon114.png */ = {isa = PBXFileReference; lastKnownFileType = image.png; path = icon114.png; sourceTree = "<group>"; };
		07356A491830BD2500D88EC6 /* icon57.png */ = {isa = PBXFileReference; lastKnownFileType = image.png; path = icon57.png; sourceTree = "<group>"; };
		07356A4B1830BD2E00D88EC6 /* icon114.png */ = {isa = PBXFileReference; lastKnownFileType = image.png; path = icon114.png; sourceTree = "<group>"; };
		073E1F9A183457EF009C8ADF /* settings.png */ = {isa = PBXFileReference; lastKnownFileType = image.png; path = settings.png; sourceTree = "<group>"; };
		073E1FA418349DAA009C8ADF /* SettingsViewController.h */ = {isa = PBXFileReference; fileEncoding = 4; lastKnownFileType = sourcecode.c.h; path = SettingsViewController.h; sourceTree = "<group>"; };
		073E1FA518349DAA009C8ADF /* SettingsViewController.m */ = {isa = PBXFileReference; fileEncoding = 4; lastKnownFileType = sourcecode.c.objc; path = SettingsViewController.m; sourceTree = "<group>"; };
		073E1FA71834B033009C8ADF /* chosen.png */ = {isa = PBXFileReference; lastKnownFileType = image.png; path = chosen.png; sourceTree = "<group>"; };
		073E1FA91834B041009C8ADF /* close.png */ = {isa = PBXFileReference; lastKnownFileType = image.png; path = close.png; sourceTree = "<group>"; };
		073E1FAB1834B6D5009C8ADF /* tick_blue.png */ = {isa = PBXFileReference; lastKnownFileType = image.png; path = tick_blue.png; sourceTree = "<group>"; };
		073E1FAC1834B6D5009C8ADF /* tick_blue@2x.png */ = {isa = PBXFileReference; lastKnownFileType = image.png; path = "tick_blue@2x.png"; sourceTree = "<group>"; };
		07497AF2183B1172008A2D8B /* SettingsCell.h */ = {isa = PBXFileReference; fileEncoding = 4; lastKnownFileType = sourcecode.c.h; path = SettingsCell.h; sourceTree = "<group>"; };
		07497AF3183B1172008A2D8B /* SettingsCell.m */ = {isa = PBXFileReference; fileEncoding = 4; lastKnownFileType = sourcecode.c.objc; path = SettingsCell.m; sourceTree = "<group>"; };
		074ABE491831C9C400694174 /* 003_3.png */ = {isa = PBXFileReference; lastKnownFileType = image.png; path = 003_3.png; sourceTree = "<group>"; };
		074ABE4A1831C9C400694174 /* 003.png */ = {isa = PBXFileReference; lastKnownFileType = image.png; path = 003.png; sourceTree = "<group>"; };
		074ABE511831CF1900694174 /* 002_2.png */ = {isa = PBXFileReference; lastKnownFileType = image.png; path = 002_2.png; sourceTree = "<group>"; };
		074ABE521831CF1900694174 /* 002.png */ = {isa = PBXFileReference; lastKnownFileType = image.png; path = 002.png; sourceTree = "<group>"; };
		074ABE591831D78800694174 /* c-2-1.png */ = {isa = PBXFileReference; lastKnownFileType = image.png; path = "c-2-1.png"; sourceTree = "<group>"; };
		07534D1A18332E2A00AD9DE0 /* UVNMuaThu.TTF */ = {isa = PBXFileReference; lastKnownFileType = file; path = UVNMuaThu.TTF; sourceTree = "<group>"; };
		07534D1B183345B800AD9DE0 /* back.png */ = {isa = PBXFileReference; lastKnownFileType = image.png; path = back.png; sourceTree = "<group>"; };
		07534D1D1833469600AD9DE0 /* back-button@1x.png */ = {isa = PBXFileReference; lastKnownFileType = image.png; path = "back-button@1x.png"; sourceTree = "<group>"; };
		07534D1E1833469600AD9DE0 /* back-button@2x.png */ = {isa = PBXFileReference; lastKnownFileType = image.png; path = "back-button@2x.png"; sourceTree = "<group>"; };
		07534D231833723800AD9DE0 /* FavouritesViewController.h */ = {isa = PBXFileReference; fileEncoding = 4; lastKnownFileType = sourcecode.c.h; path = FavouritesViewController.h; sourceTree = "<group>"; };
		07534D241833723800AD9DE0 /* FavouritesViewController.m */ = {isa = PBXFileReference; fileEncoding = 4; lastKnownFileType = sourcecode.c.objc; path = FavouritesViewController.m; sourceTree = "<group>"; };
		07534D261833725200AD9DE0 /* SearchViewController.h */ = {isa = PBXFileReference; fileEncoding = 4; lastKnownFileType = sourcecode.c.h; path = SearchViewController.h; sourceTree = "<group>"; };
		07534D271833725200AD9DE0 /* SearchViewController.m */ = {isa = PBXFileReference; fileEncoding = 4; lastKnownFileType = sourcecode.c.objc; path = SearchViewController.m; sourceTree = "<group>"; };
		07534D291833726400AD9DE0 /* NewsViewController.h */ = {isa = PBXFileReference; fileEncoding = 4; lastKnownFileType = sourcecode.c.h; path = NewsViewController.h; sourceTree = "<group>"; };
		07534D2A1833726500AD9DE0 /* NewsViewController.m */ = {isa = PBXFileReference; fileEncoding = 4; lastKnownFileType = sourcecode.c.objc; path = NewsViewController.m; sourceTree = "<group>"; };
		07534D2C1833727000AD9DE0 /* HistoryViewController.h */ = {isa = PBXFileReference; fileEncoding = 4; lastKnownFileType = sourcecode.c.h; path = HistoryViewController.h; sourceTree = "<group>"; };
		07534D2D1833727000AD9DE0 /* HistoryViewController.m */ = {isa = PBXFileReference; fileEncoding = 4; lastKnownFileType = sourcecode.c.objc; path = HistoryViewController.m; sourceTree = "<group>"; };
		07940AB1183F45830059ABBD /* vi */ = {isa = PBXFileReference; lastKnownFileType = file.storyboard; name = vi; path = vi.lproj/MainStoryboard_iPhone.storyboard; sourceTree = "<group>"; };
		07940AB2183F45830059ABBD /* vi */ = {isa = PBXFileReference; lastKnownFileType = file.storyboard; name = vi; path = vi.lproj/MainStoryboard_iPad.storyboard; sourceTree = "<group>"; };
		07940AB3183F45830059ABBD /* vi */ = {isa = PBXFileReference; lastKnownFileType = text.plist.strings; name = vi; path = vi.lproj/InfoPlist.strings; sourceTree = "<group>"; };
/* End PBXFileReference section */

/* Begin PBXFrameworksBuildPhase section */
		07356A131830A13E00D88EC6 /* Frameworks */ = {
			isa = PBXFrameworksBuildPhase;
			buildActionMask = 2147483647;
			files = (
				07356A1A1830A13F00D88EC6 /* UIKit.framework in Frameworks */,
				07356A1C1830A13F00D88EC6 /* Foundation.framework in Frameworks */,
				07356A1E1830A13F00D88EC6 /* CoreGraphics.framework in Frameworks */,
			);
			runOnlyForDeploymentPostprocessing = 0;
		};
/* End PBXFrameworksBuildPhase section */

/* Begin PBXGroup section */
		072E6395183C402D00127A57 /* images */ = {
			isa = PBXGroup;
			children = (
				072E641C183C61E500127A57 /* BAN DO 62 TINH.png */,
				072E6396183C411A00127A57 /* AnGiang.png */,
				072E6397183C411A00127A57 /* BacGiang.png */,
				072E6398183C411A00127A57 /* BacKan.png */,
				072E6399183C411A00127A57 /* Baclieu.png */,
				072E639A183C411A00127A57 /* BacNinh.png */,
				072E639B183C411A00127A57 /* BaRia_VungTau.png */,
				072E639C183C411A00127A57 /* BenTre.png */,
				072E639D183C411A00127A57 /* BinhDinh.png */,
				072E639E183C411A00127A57 /* BinhDuong.png */,
				072E639F183C411A00127A57 /* BinhPHuoc.png */,
				072E63A0183C411A00127A57 /* BinhThuan.png */,
				072E63A1183C411A00127A57 /* Camau.png */,
				072E63A2183C411A00127A57 /* CanTho.png */,
				072E63A3183C411A00127A57 /* CaoBang.png */,
				072E63A4183C411A00127A57 /* ConDao.png */,
				072E63A5183C411A00127A57 /* DacLac.png */,
				072E63A6183C411A00127A57 /* DacNong.png */,
				072E63A7183C411A00127A57 /* DaNang.png */,
				072E63A8183C411A00127A57 /* DaoPhuQuoc.png */,
				072E63A9183C411A00127A57 /* DienBienPhu.png */,
				072E63AA183C411A00127A57 /* DongNai.png */,
				072E63AB183C411A00127A57 /* DongThap.png */,
				072E63AC183C411A00127A57 /* GiaLai.png */,
				072E63AD183C411A00127A57 /* HaGiang.png */,
				072E63AE183C411A00127A57 /* HaiDuong.png */,
				072E63AF183C411A00127A57 /* HaiPhong.png */,
				072E63B0183C411A00127A57 /* HaNam.png */,
				072E63B1183C411A00127A57 /* HaNoi.png */,
				072E63B2183C411A00127A57 /* HaTay.png */,
				072E63B3183C411A00127A57 /* HaTinh.png */,
				072E63B4183C411A00127A57 /* HoaBinh.png */,
				072E63B5183C411A00127A57 /* Hue.png */,
				072E63B6183C411A00127A57 /* HungYen.png */,
				072E63B7183C411A00127A57 /* KhanhHoa.png */,
				072E63B8183C411A00127A57 /* KienGiang.png */,
				072E63B9183C411A00127A57 /* KonTum.png */,
				072E63BA183C411A00127A57 /* LaiChau.png */,
				072E63BB183C411A00127A57 /* LamDong.png */,
				072E63BC183C411A00127A57 /* LangSon.png */,
				072E63BD183C411A00127A57 /* LaoCai.png */,
				072E63BE183C411A00127A57 /* LongAn.png */,
				072E63BF183C411A00127A57 /* NamDinh.png */,
				072E63C0183C411A00127A57 /* NgheAn.png */,
				072E63C1183C411A00127A57 /* NinhBinh.png */,
				072E63C2183C411A00127A57 /* NinhThuan.png */,
				072E63C3183C411A00127A57 /* PhuTho.png */,
				072E63C4183C411A00127A57 /* PhuYen.png */,
				072E63C5183C411A00127A57 /* QuanDaoHoangSa.png */,
				072E63C6183C411A00127A57 /* QuanDaoTruongSa.png */,
				072E63C7183C411A00127A57 /* QuangBinh.png */,
				072E63C8183C411A00127A57 /* QuangNam.png */,
				072E63C9183C411A00127A57 /* QuangNgai.png */,
				072E63CA183C411A00127A57 /* QuangNinh.png */,
				072E63CB183C411A00127A57 /* QuangTri.png */,
				072E63CC183C411A00127A57 /* SocTrang.png */,
				072E63CD183C411A00127A57 /* SonLa.png */,
				072E63CE183C411A00127A57 /* TayNinh.png */,
				072E63CF183C411A00127A57 /* ThaiBinh.png */,
				072E63D0183C411A00127A57 /* ThaiNguyen.png */,
				072E63D1183C411A00127A57 /* ThanhHoa.png */,
				072E63D2183C411A00127A57 /* TienGiang.png */,
				072E63D3183C411A00127A57 /* TPHCM.png */,
				072E63D4183C411A00127A57 /* TraVinh.png */,
				072E63D5183C411A00127A57 /* TuyenQuang.png */,
				072E63D6183C411A00127A57 /* VinhLong.png */,
				072E63D7183C411A00127A57 /* VinhPhuc.png */,
				072E63D8183C411A00127A57 /* YenBai.png */,
			);
			name = images;
			sourceTree = "<group>";
		};
		07356A0D1830A13E00D88EC6 = {
			isa = PBXGroup;
			children = (
				07356A4B1830BD2E00D88EC6 /* icon114.png */,
				07356A491830BD2500D88EC6 /* icon57.png */,
				0704729818321BB7002DCB12 /* tv.png */,
				0704729A1832246A002DCB12 /* clock.png */,
				0704729618320B5E002DCB12 /* bg.png */,
				07047294183207FF002DCB12 /* c-2-1-1.png */,
				070472901831FCD1002DCB12 /* 001_1.png */,
				07047292183202E9002DCB12 /* 001.png */,
				074ABE491831C9C400694174 /* 003_3.png */,
				074ABE4A1831C9C400694174 /* 003.png */,
				074ABE511831CF1900694174 /* 002_2.png */,
				074ABE521831CF1900694174 /* 002.png */,
				074ABE591831D78800694174 /* c-2-1.png */,
				07534D1B183345B800AD9DE0 /* back.png */,
				07534D1D1833469600AD9DE0 /* back-button@1x.png */,
				07534D1E1833469600AD9DE0 /* back-button@2x.png */,
				073E1FA71834B033009C8ADF /* chosen.png */,
				073E1FA91834B041009C8ADF /* close.png */,
				073E1FAB1834B6D5009C8ADF /* tick_blue.png */,
				073E1FAC1834B6D5009C8ADF /* tick_blue@2x.png */,
				07356A1F1830A13F00D88EC6 /* iTravel */,
				07356A181830A13E00D88EC6 /* Frameworks */,
				07356A171830A13E00D88EC6 /* Products */,
			);
			sourceTree = "<group>";
		};
		07356A171830A13E00D88EC6 /* Products */ = {
			isa = PBXGroup;
			children = (
				07356A161830A13E00D88EC6 /* iTravel.app */,
			);
			name = Products;
			sourceTree = "<group>";
		};
		07356A181830A13E00D88EC6 /* Frameworks */ = {
			isa = PBXGroup;
			children = (
				07356A191830A13E00D88EC6 /* UIKit.framework */,
				07356A1B1830A13F00D88EC6 /* Foundation.framework */,
				07356A1D1830A13F00D88EC6 /* CoreGraphics.framework */,
			);
			name = Frameworks;
			sourceTree = "<group>";
		};
		07356A1F1830A13F00D88EC6 /* iTravel */ = {
			isa = PBXGroup;
			children = (
				075D2DAC1834CE1300484008 /* Library */,
				073E1F9A183457EF009C8ADF /* settings.png */,
				07356A451830BD0400D88EC6 /* icon57.png */,
				07356A461830BD0400D88EC6 /* icon114.png */,
				07356A411830BBED00D88EC6 /* Default@2x.png */,
				07356A3F1830BBED00D88EC6 /* Default-568h@2x.png */,
				07356A401830BBED00D88EC6 /* Default.png */,
				07356A281830A13F00D88EC6 /* iTravelAppDelegate.h */,
				07356A291830A13F00D88EC6 /* iTravelAppDelegate.m */,
				07356A311830A13F00D88EC6 /* MainStoryboard_iPhone.storyboard */,
				072E6395183C402D00127A57 /* images */,
				07497AF5183B117F008A2D8B /* View */,
				07356A341830A13F00D88EC6 /* MainStoryboard_iPad.storyboard */,
				07356A371830A13F00D88EC6 /* iTravelViewController.h */,
				07356A381830A13F00D88EC6 /* iTravelViewController.m */,
				073E1FA418349DAA009C8ADF /* SettingsViewController.h */,
				073E1FA518349DAA009C8ADF /* SettingsViewController.m */,
				07356A201830A13F00D88EC6 /* Supporting Files */,
				07534D261833725200AD9DE0 /* SearchViewController.h */,
				07534D271833725200AD9DE0 /* SearchViewController.m */,
				07534D291833726400AD9DE0 /* NewsViewController.h */,
				07534D2A1833726500AD9DE0 /* NewsViewController.m */,
				07534D2C1833727000AD9DE0 /* HistoryViewController.h */,
				07534D2D1833727000AD9DE0 /* HistoryViewController.m */,
				07534D231833723800AD9DE0 /* FavouritesViewController.h */,
				07534D241833723800AD9DE0 /* FavouritesViewController.m */,
			);
			path = iTravel;
			sourceTree = "<group>";
		};
		07356A201830A13F00D88EC6 /* Supporting Files */ = {
			isa = PBXGroup;
			children = (
				07534D1A18332E2A00AD9DE0 /* UVNMuaThu.TTF */,
				07356A211830A13F00D88EC6 /* iTravel-Info.plist */,
				07356A221830A13F00D88EC6 /* InfoPlist.strings */,
				07356A251830A13F00D88EC6 /* main.m */,
				07356A271830A13F00D88EC6 /* iTravel-Prefix.pch */,
				07356A2B1830A13F00D88EC6 /* Default.png */,
				07356A2D1830A13F00D88EC6 /* Default@2x.png */,
				07356A2F1830A13F00D88EC6 /* Default-568h@2x.png */,
			);
			name = "Supporting Files";
			sourceTree = "<group>";
		};
		07497AF5183B117F008A2D8B /* View */ = {
			isa = PBXGroup;
			children = (
				07497AF6183B1189008A2D8B /* Cell */,
			);
			name = View;
			sourceTree = "<group>";
		};
		07497AF6183B1189008A2D8B /* Cell */ = {
			isa = PBXGroup;
			children = (
				07497AF2183B1172008A2D8B /* SettingsCell.h */,
				07497AF3183B1172008A2D8B /* SettingsCell.m */,
			);
			name = Cell;
			sourceTree = "<group>";
		};
		075D2DAC1834CE1300484008 /* Library */ = {
			isa = PBXGroup;
			children = (
			);
			name = Library;
			sourceTree = "<group>";
		};
/* End PBXGroup section */

/* Begin PBXNativeTarget section */
		07356A151830A13E00D88EC6 /* iTravel */ = {
			isa = PBXNativeTarget;
			buildConfigurationList = 07356A3C1830A13F00D88EC6 /* Build configuration list for PBXNativeTarget "iTravel" */;
			buildPhases = (
				07356A121830A13E00D88EC6 /* Sources */,
				07356A131830A13E00D88EC6 /* Frameworks */,
				07356A141830A13E00D88EC6 /* Resources */,
			);
			buildRules = (
			);
			dependencies = (
			);
			name = iTravel;
			productName = iTravel;
			productReference = 07356A161830A13E00D88EC6 /* iTravel.app */;
			productType = "com.apple.product-type.application";
		};
/* End PBXNativeTarget section */

/* Begin PBXProject section */
		07356A0E1830A13E00D88EC6 /* Project object */ = {
			isa = PBXProject;
			attributes = {
				CLASSPREFIX = iTravel;
				LastUpgradeCheck = 0460;
				ORGANIZATIONNAME = Thainq;
			};
			buildConfigurationList = 07356A111830A13E00D88EC6 /* Build configuration list for PBXProject "iTravel" */;
			compatibilityVersion = "Xcode 3.2";
			developmentRegion = English;
			hasScannedForEncodings = 0;
			knownRegions = (
				en,
				vi,
			);
			mainGroup = 07356A0D1830A13E00D88EC6;
			productRefGroup = 07356A171830A13E00D88EC6 /* Products */;
			projectDirPath = "";
			projectRoot = "";
			targets = (
				07356A151830A13E00D88EC6 /* iTravel */,
			);
		};
/* End PBXProject section */

/* Begin PBXResourcesBuildPhase section */
		07356A141830A13E00D88EC6 /* Resources */ = {
			isa = PBXResourcesBuildPhase;
			buildActionMask = 2147483647;
			files = (
				07356A241830A13F00D88EC6 /* InfoPlist.strings in Resources */,
				07356A331830A13F00D88EC6 /* MainStoryboard_iPhone.storyboard in Resources */,
				07356A361830A13F00D88EC6 /* MainStoryboard_iPad.storyboard in Resources */,
				07356A421830BBED00D88EC6 /* Default-568h@2x.png in Resources */,
				07356A431830BBED00D88EC6 /* Default.png in Resources */,
				07356A441830BBED00D88EC6 /* Default@2x.png in Resources */,
				07356A471830BD0400D88EC6 /* icon57.png in Resources */,
				07356A481830BD0400D88EC6 /* icon114.png in Resources */,
				074ABE4B1831C9C400694174 /* 003_3.png in Resources */,
				074ABE4C1831C9C400694174 /* 003.png in Resources */,
				074ABE531831CF1900694174 /* 002_2.png in Resources */,
				074ABE541831CF1900694174 /* 002.png in Resources */,
				074ABE5A1831D78800694174 /* c-2-1.png in Resources */,
				070472911831FCD1002DCB12 /* 001_1.png in Resources */,
				07047293183202E9002DCB12 /* 001.png in Resources */,
				07047295183207FF002DCB12 /* c-2-1-1.png in Resources */,
				0704729718320B5E002DCB12 /* bg.png in Resources */,
				0704729918321BB7002DCB12 /* tv.png in Resources */,
				0704729B1832246A002DCB12 /* clock.png in Resources */,
				07534D1C183345B800AD9DE0 /* back.png in Resources */,
				07534D1F1833469600AD9DE0 /* back-button@1x.png in Resources */,
				07534D201833469600AD9DE0 /* back-button@2x.png in Resources */,
				073E1F9B183457EF009C8ADF /* settings.png in Resources */,
				073E1FA81834B034009C8ADF /* chosen.png in Resources */,
				073E1FAA1834B041009C8ADF /* close.png in Resources */,
				073E1FAD1834B6D6009C8ADF /* tick_blue.png in Resources */,
				073E1FAE1834B6D6009C8ADF /* tick_blue@2x.png in Resources */,
				072E63D9183C411A00127A57 /* AnGiang.png in Resources */,
				072E63DA183C411A00127A57 /* BacGiang.png in Resources */,
				072E63DB183C411A00127A57 /* BacKan.png in Resources */,
				072E63DC183C411A00127A57 /* Baclieu.png in Resources */,
				072E63DD183C411A00127A57 /* BacNinh.png in Resources */,
				072E63DE183C411A00127A57 /* BaRia_VungTau.png in Resources */,
				072E63DF183C411A00127A57 /* BenTre.png in Resources */,
				072E63E0183C411A00127A57 /* BinhDinh.png in Resources */,
				072E63E1183C411A00127A57 /* BinhDuong.png in Resources */,
				072E63E2183C411A00127A57 /* BinhPHuoc.png in Resources */,
				072E63E3183C411A00127A57 /* BinhThuan.png in Resources */,
				072E63E4183C411A00127A57 /* Camau.png in Resources */,
				072E63E5183C411A00127A57 /* CanTho.png in Resources */,
				072E63E6183C411A00127A57 /* CaoBang.png in Resources */,
				072E63E7183C411A00127A57 /* ConDao.png in Resources */,
				072E63E8183C411A00127A57 /* DacLac.png in Resources */,
				072E63E9183C411A00127A57 /* DacNong.png in Resources */,
				072E63EA183C411A00127A57 /* DaNang.png in Resources */,
				072E63EB183C411A00127A57 /* DaoPhuQuoc.png in Resources */,
				072E63EC183C411A00127A57 /* DienBienPhu.png in Resources */,
				072E63ED183C411A00127A57 /* DongNai.png in Resources */,
				072E63EE183C411A00127A57 /* DongThap.png in Resources */,
				072E63EF183C411A00127A57 /* GiaLai.png in Resources */,
				072E63F0183C411A00127A57 /* HaGiang.png in Resources */,
				072E63F1183C411A00127A57 /* HaiDuong.png in Resources */,
				072E63F2183C411A00127A57 /* HaiPhong.png in Resources */,
				072E63F3183C411A00127A57 /* HaNam.png in Resources */,
				072E63F4183C411A00127A57 /* HaNoi.png in Resources */,
				072E63F5183C411A00127A57 /* HaTay.png in Resources */,
				072E63F6183C411A00127A57 /* HaTinh.png in Resources */,
				072E63F7183C411A00127A57 /* HoaBinh.png in Resources */,
				072E63F8183C411A00127A57 /* Hue.png in Resources */,
				072E63F9183C411A00127A57 /* HungYen.png in Resources */,
				072E63FA183C411A00127A57 /* KhanhHoa.png in Resources */,
				072E63FB183C411A00127A57 /* KienGiang.png in Resources */,
				072E63FC183C411A00127A57 /* KonTum.png in Resources */,
				072E63FD183C411A00127A57 /* LaiChau.png in Resources */,
				072E63FE183C411A00127A57 /* LamDong.png in Resources */,
				072E63FF183C411A00127A57 /* LangSon.png in Resources */,
				072E6400183C411A00127A57 /* LaoCai.png in Resources */,
				072E6401183C411A00127A57 /* LongAn.png in Resources */,
				072E6402183C411A00127A57 /* NamDinh.png in Resources */,
				072E6403183C411A00127A57 /* NgheAn.png in Resources */,
				072E6404183C411A00127A57 /* NinhBinh.png in Resources */,
				072E6405183C411A00127A57 /* NinhThuan.png in Resources */,
				072E6406183C411A00127A57 /* PhuTho.png in Resources */,
				072E6407183C411A00127A57 /* PhuYen.png in Resources */,
				072E6408183C411A00127A57 /* QuanDaoHoangSa.png in Resources */,
				072E6409183C411A00127A57 /* QuanDaoTruongSa.png in Resources */,
				072E640A183C411A00127A57 /* QuangBinh.png in Resources */,
				072E640B183C411A00127A57 /* QuangNam.png in Resources */,
				072E640C183C411A00127A57 /* QuangNgai.png in Resources */,
				072E640D183C411A00127A57 /* QuangNinh.png in Resources */,
				072E640E183C411A00127A57 /* QuangTri.png in Resources */,
				072E640F183C411A00127A57 /* SocTrang.png in Resources */,
				072E6410183C411A00127A57 /* SonLa.png in Resources */,
				072E6411183C411A00127A57 /* TayNinh.png in Resources */,
				072E6412183C411A00127A57 /* ThaiBinh.png in Resources */,
				072E6413183C411A00127A57 /* ThaiNguyen.png in Resources */,
				072E6414183C411A00127A57 /* ThanhHoa.png in Resources */,
				072E6415183C411A00127A57 /* TienGiang.png in Resources */,
				072E6416183C411A00127A57 /* TPHCM.png in Resources */,
				072E6417183C411A00127A57 /* TraVinh.png in Resources */,
				072E6418183C411A00127A57 /* TuyenQuang.png in Resources */,
				072E6419183C411A00127A57 /* VinhLong.png in Resources */,
				072E641A183C411A00127A57 /* VinhPhuc.png in Resources */,
				072E641B183C411A00127A57 /* YenBai.png in Resources */,
				072E641D183C61E500127A57 /* BAN DO 62 TINH.png in Resources */,
			);
			runOnlyForDeploymentPostprocessing = 0;
		};
/* End PBXResourcesBuildPhase section */

/* Begin PBXSourcesBuildPhase section */
		07356A121830A13E00D88EC6 /* Sources */ = {
			isa = PBXSourcesBuildPhase;
			buildActionMask = 2147483647;
			files = (
				07356A261830A13F00D88EC6 /* main.m in Sources */,
				07356A2A1830A13F00D88EC6 /* iTravelAppDelegate.m in Sources */,
				07356A391830A13F00D88EC6 /* iTravelViewController.m in Sources */,
				07534D251833723800AD9DE0 /* FavouritesViewController.m in Sources */,
				07534D281833725200AD9DE0 /* SearchViewController.m in Sources */,
				07534D2B1833726500AD9DE0 /* NewsViewController.m in Sources */,
				07534D2E1833727000AD9DE0 /* HistoryViewController.m in Sources */,
				073E1FA618349DAA009C8ADF /* SettingsViewController.m in Sources */,
				07497AF4183B1172008A2D8B /* SettingsCell.m in Sources */,
			);
			runOnlyForDeploymentPostprocessing = 0;
		};
/* End PBXSourcesBuildPhase section */

/* Begin PBXVariantGroup section */
		07356A221830A13F00D88EC6 /* InfoPlist.strings */ = {
			isa = PBXVariantGroup;
			children = (
				07356A231830A13F00D88EC6 /* en */,
				07940AB3183F45830059ABBD /* vi */,
			);
			name = InfoPlist.strings;
			sourceTree = "<group>";
		};
		07356A311830A13F00D88EC6 /* MainStoryboard_iPhone.storyboard */ = {
			isa = PBXVariantGroup;
			children = (
				07356A321830A13F00D88EC6 /* en */,
				07940AB1183F45830059ABBD /* vi */,
			);
			name = MainStoryboard_iPhone.storyboard;
			sourceTree = "<group>";
		};
		07356A341830A13F00D88EC6 /* MainStoryboard_iPad.storyboard */ = {
			isa = PBXVariantGroup;
			children = (
				07356A351830A13F00D88EC6 /* en */,
				07940AB2183F45830059ABBD /* vi */,
			);
			name = MainStoryboard_iPad.storyboard;
			sourceTree = "<group>";
		};
/* End PBXVariantGroup section */

/* Begin XCBuildConfiguration section */
		07356A3A1830A13F00D88EC6 /* Debug */ = {
			isa = XCBuildConfiguration;
			buildSettings = {
				ALWAYS_SEARCH_USER_PATHS = NO;
				CLANG_CXX_LANGUAGE_STANDARD = "gnu++0x";
				CLANG_CXX_LIBRARY = "libc++";
				CLANG_ENABLE_OBJC_ARC = YES;
				CLANG_WARN_CONSTANT_CONVERSION = YES;
				CLANG_WARN_EMPTY_BODY = YES;
				CLANG_WARN_ENUM_CONVERSION = YES;
				CLANG_WARN_INT_CONVERSION = YES;
				CLANG_WARN__DUPLICATE_METHOD_MATCH = YES;
				"CODE_SIGN_IDENTITY[sdk=iphoneos*]" = "iPhone Developer";
				COPY_PHASE_STRIP = NO;
				GCC_C_LANGUAGE_STANDARD = gnu99;
				GCC_DYNAMIC_NO_PIC = NO;
				GCC_OPTIMIZATION_LEVEL = 0;
				GCC_PREPROCESSOR_DEFINITIONS = (
					"DEBUG=1",
					"$(inherited)",
				);
				GCC_SYMBOLS_PRIVATE_EXTERN = NO;
				GCC_WARN_ABOUT_RETURN_TYPE = YES;
				GCC_WARN_UNINITIALIZED_AUTOS = YES;
				GCC_WARN_UNUSED_VARIABLE = YES;
				IPHONEOS_DEPLOYMENT_TARGET = 6.1;
				ONLY_ACTIVE_ARCH = YES;
				SDKROOT = iphoneos;
				TARGETED_DEVICE_FAMILY = "1,2";
			};
			name = Debug;
		};
		07356A3B1830A13F00D88EC6 /* Release */ = {
			isa = XCBuildConfiguration;
			buildSettings = {
				ALWAYS_SEARCH_USER_PATHS = NO;
				CLANG_CXX_LANGUAGE_STANDARD = "gnu++0x";
				CLANG_CXX_LIBRARY = "libc++";
				CLANG_ENABLE_OBJC_ARC = YES;
				CLANG_WARN_CONSTANT_CONVERSION = YES;
				CLANG_WARN_EMPTY_BODY = YES;
				CLANG_WARN_ENUM_CONVERSION = YES;
				CLANG_WARN_INT_CONVERSION = YES;
				CLANG_WARN__DUPLICATE_METHOD_MATCH = YES;
				"CODE_SIGN_IDENTITY[sdk=iphoneos*]" = "iPhone Developer";
				COPY_PHASE_STRIP = YES;
				GCC_C_LANGUAGE_STANDARD = gnu99;
				GCC_WARN_ABOUT_RETURN_TYPE = YES;
				GCC_WARN_UNINITIALIZED_AUTOS = YES;
				GCC_WARN_UNUSED_VARIABLE = YES;
				IPHONEOS_DEPLOYMENT_TARGET = 6.1;
				OTHER_CFLAGS = "-DNS_BLOCK_ASSERTIONS=1";
				SDKROOT = iphoneos;
				TARGETED_DEVICE_FAMILY = "1,2";
				VALIDATE_PRODUCT = YES;
			};
			name = Release;
		};
		07356A3D1830A13F00D88EC6 /* Debug */ = {
			isa = XCBuildConfiguration;
			buildSettings = {
				GCC_PRECOMPILE_PREFIX_HEADER = YES;
				GCC_PREFIX_HEADER = "iTravel/iTravel-Prefix.pch";
				INFOPLIST_FILE = "iTravel/iTravel-Info.plist";
				PRODUCT_NAME = "$(TARGET_NAME)";
				WRAPPER_EXTENSION = app;
			};
			name = Debug;
		};
		07356A3E1830A13F00D88EC6 /* Release */ = {
			isa = XCBuildConfiguration;
			buildSettings = {
				GCC_PRECOMPILE_PREFIX_HEADER = YES;
				GCC_PREFIX_HEADER = "iTravel/iTravel-Prefix.pch";
				INFOPLIST_FILE = "iTravel/iTravel-Info.plist";
				PRODUCT_NAME = "$(TARGET_NAME)";
				WRAPPER_EXTENSION = app;
			};
			name = Release;
		};
/* End XCBuildConfiguration section */

/* Begin XCConfigurationList section */
		07356A111830A13E00D88EC6 /* Build configuration list for PBXProject "iTravel" */ = {
			isa = XCConfigurationList;
			buildConfigurations = (
				07356A3A1830A13F00D88EC6 /* Debug */,
				07356A3B1830A13F00D88EC6 /* Release */,
			);
			defaultConfigurationIsVisible = 0;
			defaultConfigurationName = Release;
		};
		07356A3C1830A13F00D88EC6 /* Build configuration list for PBXNativeTarget "iTravel" */ = {
			isa = XCConfigurationList;
			buildConfigurations = (
				07356A3D1830A13F00D88EC6 /* Debug */,
				07356A3E1830A13F00D88EC6 /* Release */,
			);
			defaultConfigurationIsVisible = 0;
			defaultConfigurationName = Release;
		};
/* End XCConfigurationList section */
	};
	rootObject = 07356A0E1830A13E00D88EC6 /* Project object */;
}
