// !$*UTF8*$!
{
	archiveVersion = 1;
	classes = {
	};
	objectVersion = 46;
	objects = {

/* Begin PBXBuildFile section */
		07083578182B74610013AFF5 /* UIKit.framework in Frameworks */ = {isa = PBXBuildFile; fileRef = 07083577182B74610013AFF5 /* UIKit.framework */; };
		0708357A182B74620013AFF5 /* Foundation.framework in Frameworks */ = {isa = PBXBuildFile; fileRef = 07083579182B74620013AFF5 /* Foundation.framework */; };
		0708357C182B74620013AFF5 /* CoreGraphics.framework in Frameworks */ = {isa = PBXBuildFile; fileRef = 0708357B182B74620013AFF5 /* CoreGraphics.framework */; };
		07083582182B74620013AFF5 /* InfoPlist.strings in Resources */ = {isa = PBXBuildFile; fileRef = 07083580182B74620013AFF5 /* InfoPlist.strings */; };
		07083584182B74620013AFF5 /* main.m in Sources */ = {isa = PBXBuildFile; fileRef = 07083583182B74620013AFF5 /* main.m */; };
		07083588182B74620013AFF5 /* travelAppDelegate.m in Sources */ = {isa = PBXBuildFile; fileRef = 07083587182B74620013AFF5 /* travelAppDelegate.m */; };
		0708358A182B74620013AFF5 /* Default.png in Resources */ = {isa = PBXBuildFile; fileRef = 07083589182B74620013AFF5 /* Default.png */; };
		0708358C182B74620013AFF5 /* Default@2x.png in Resources */ = {isa = PBXBuildFile; fileRef = 0708358B182B74620013AFF5 /* Default@2x.png */; };
		0708358E182B74620013AFF5 /* Default-568h@2x.png in Resources */ = {isa = PBXBuildFile; fileRef = 0708358D182B74620013AFF5 /* Default-568h@2x.png */; };
		07083591182B74620013AFF5 /* MainStoryboard_iPhone.storyboard in Resources */ = {isa = PBXBuildFile; fileRef = 0708358F182B74620013AFF5 /* MainStoryboard_iPhone.storyboard */; };
		07083594182B74620013AFF5 /* MainStoryboard_iPad.storyboard in Resources */ = {isa = PBXBuildFile; fileRef = 07083592182B74620013AFF5 /* MainStoryboard_iPad.storyboard */; };
		07083597182B74620013AFF5 /* travelViewController.m in Sources */ = {isa = PBXBuildFile; fileRef = 07083596182B74620013AFF5 /* travelViewController.m */; };
		070835A5182B747D0013AFF5 /* .gitignore in Resources */ = {isa = PBXBuildFile; fileRef = 0708359E182B747C0013AFF5 /* .gitignore */; };
		070835A6182B747D0013AFF5 /* LICENSE in Resources */ = {isa = PBXBuildFile; fileRef = 0708359F182B747C0013AFF5 /* LICENSE */; };
		070835A7182B747D0013AFF5 /* PSCollectionView.m in Sources */ = {isa = PBXBuildFile; fileRef = 070835A1182B747C0013AFF5 /* PSCollectionView.m */; };
		070835A8182B747D0013AFF5 /* PSCollectionViewCell.m in Sources */ = {isa = PBXBuildFile; fileRef = 070835A3182B747C0013AFF5 /* PSCollectionViewCell.m */; };
		070835A9182B747D0013AFF5 /* README.md in Resources */ = {isa = PBXBuildFile; fileRef = 070835A4182B747C0013AFF5 /* README.md */; };
		070835AF182B779C0013AFF5 /* CollectionViewCell.m in Sources */ = {isa = PBXBuildFile; fileRef = 070835AE182B779C0013AFF5 /* CollectionViewCell.m */; };
		074DFF19182C7E0200D3C109 /* danielle.jpg in Resources */ = {isa = PBXBuildFile; fileRef = 074DFF12182C7E0200D3C109 /* danielle.jpg */; };
		074DFF1A182C7E0200D3C109 /* bodegahead.png in Resources */ = {isa = PBXBuildFile; fileRef = 074DFF13182C7E0200D3C109 /* bodegahead.png */; };
		074DFF1B182C7E0200D3C109 /* egret.png in Resources */ = {isa = PBXBuildFile; fileRef = 074DFF14182C7E0200D3C109 /* egret.png */; };
		074DFF1C182C7E0200D3C109 /* pinkprius.jpg in Resources */ = {isa = PBXBuildFile; fileRef = 074DFF15182C7E0200D3C109 /* pinkprius.jpg */; };
		074DFF1D182C7E0200D3C109 /* betceemay.jpg in Resources */ = {isa = PBXBuildFile; fileRef = 074DFF16182C7E0200D3C109 /* betceemay.jpg */; };
		074DFF1E182C7E0200D3C109 /* baby.jpg in Resources */ = {isa = PBXBuildFile; fileRef = 074DFF17182C7E0200D3C109 /* baby.jpg */; };
/* End PBXBuildFile section */

/* Begin PBXFileReference section */
		07083574182B74610013AFF5 /* Newstest.app */ = {isa = PBXFileReference; explicitFileType = wrapper.application; includeInIndex = 0; path = Newstest.app; sourceTree = BUILT_PRODUCTS_DIR; };
		07083577182B74610013AFF5 /* UIKit.framework */ = {isa = PBXFileReference; lastKnownFileType = wrapper.framework; name = UIKit.framework; path = System/Library/Frameworks/UIKit.framework; sourceTree = SDKROOT; };
		07083579182B74620013AFF5 /* Foundation.framework */ = {isa = PBXFileReference; lastKnownFileType = wrapper.framework; name = Foundation.framework; path = System/Library/Frameworks/Foundation.framework; sourceTree = SDKROOT; };
		0708357B182B74620013AFF5 /* CoreGraphics.framework */ = {isa = PBXFileReference; lastKnownFileType = wrapper.framework; name = CoreGraphics.framework; path = System/Library/Frameworks/CoreGraphics.framework; sourceTree = SDKROOT; };
		0708357F182B74620013AFF5 /* Newstest-Info.plist */ = {isa = PBXFileReference; lastKnownFileType = text.plist.xml; path = "Newstest-Info.plist"; sourceTree = "<group>"; };
		07083581182B74620013AFF5 /* en */ = {isa = PBXFileReference; lastKnownFileType = text.plist.strings; name = en; path = en.lproj/InfoPlist.strings; sourceTree = "<group>"; };
		07083583182B74620013AFF5 /* main.m */ = {isa = PBXFileReference; lastKnownFileType = sourcecode.c.objc; path = main.m; sourceTree = "<group>"; };
		07083585182B74620013AFF5 /* Newstest-Prefix.pch */ = {isa = PBXFileReference; lastKnownFileType = sourcecode.c.h; path = "Newstest-Prefix.pch"; sourceTree = "<group>"; };
		07083586182B74620013AFF5 /* travelAppDelegate.h */ = {isa = PBXFileReference; lastKnownFileType = sourcecode.c.h; path = travelAppDelegate.h; sourceTree = "<group>"; };
		07083587182B74620013AFF5 /* travelAppDelegate.m */ = {isa = PBXFileReference; lastKnownFileType = sourcecode.c.objc; path = travelAppDelegate.m; sourceTree = "<group>"; };
		07083589182B74620013AFF5 /* Default.png */ = {isa = PBXFileReference; lastKnownFileType = image.png; path = Default.png; sourceTree = "<group>"; };
		0708358B182B74620013AFF5 /* Default@2x.png */ = {isa = PBXFileReference; lastKnownFileType = image.png; path = "Default@2x.png"; sourceTree = "<group>"; };
		0708358D182B74620013AFF5 /* Default-568h@2x.png */ = {isa = PBXFileReference; lastKnownFileType = image.png; path = "Default-568h@2x.png"; sourceTree = "<group>"; };
		07083590182B74620013AFF5 /* en */ = {isa = PBXFileReference; lastKnownFileType = file.storyboard; name = en; path = en.lproj/MainStoryboard_iPhone.storyboard; sourceTree = "<group>"; };
		07083593182B74620013AFF5 /* en */ = {isa = PBXFileReference; lastKnownFileType = file.storyboard; name = en; path = en.lproj/MainStoryboard_iPad.storyboard; sourceTree = "<group>"; };
		07083595182B74620013AFF5 /* travelViewController.h */ = {isa = PBXFileReference; lastKnownFileType = sourcecode.c.h; path = travelViewController.h; sourceTree = "<group>"; };
		07083596182B74620013AFF5 /* travelViewController.m */ = {isa = PBXFileReference; lastKnownFileType = sourcecode.c.objc; path = travelViewController.m; sourceTree = "<group>"; };
		0708359E182B747C0013AFF5 /* .gitignore */ = {isa = PBXFileReference; fileEncoding = 4; lastKnownFileType = text; path = .gitignore; sourceTree = "<group>"; };
		0708359F182B747C0013AFF5 /* LICENSE */ = {isa = PBXFileReference; fileEncoding = 4; lastKnownFileType = text; path = LICENSE; sourceTree = "<group>"; };
		070835A0182B747C0013AFF5 /* PSCollectionView.h */ = {isa = PBXFileReference; fileEncoding = 4; lastKnownFileType = sourcecode.c.h; path = PSCollectionView.h; sourceTree = "<group>"; };
		070835A1182B747C0013AFF5 /* PSCollectionView.m */ = {isa = PBXFileReference; fileEncoding = 4; lastKnownFileType = sourcecode.c.objc; path = PSCollectionView.m; sourceTree = "<group>"; };
		070835A2182B747C0013AFF5 /* PSCollectionViewCell.h */ = {isa = PBXFileReference; fileEncoding = 4; lastKnownFileType = sourcecode.c.h; path = PSCollectionViewCell.h; sourceTree = "<group>"; };
		070835A3182B747C0013AFF5 /* PSCollectionViewCell.m */ = {isa = PBXFileReference; fileEncoding = 4; lastKnownFileType = sourcecode.c.objc; path = PSCollectionViewCell.m; sourceTree = "<group>"; };
		070835A4182B747C0013AFF5 /* README.md */ = {isa = PBXFileReference; fileEncoding = 4; lastKnownFileType = text; path = README.md; sourceTree = "<group>"; };
		070835AD182B779B0013AFF5 /* CollectionViewCell.h */ = {isa = PBXFileReference; fileEncoding = 4; lastKnownFileType = sourcecode.c.h; name = CollectionViewCell.h; path = ../../CollectionViewCell.h; sourceTree = "<group>"; };
		070835AE182B779C0013AFF5 /* CollectionViewCell.m */ = {isa = PBXFileReference; fileEncoding = 4; lastKnownFileType = sourcecode.c.objc; name = CollectionViewCell.m; path = ../../CollectionViewCell.m; sourceTree = "<group>"; };
		074DFF12182C7E0200D3C109 /* danielle.jpg */ = {isa = PBXFileReference; lastKnownFileType = image.jpeg; path = danielle.jpg; sourceTree = "<group>"; };
		074DFF13182C7E0200D3C109 /* bodegahead.png */ = {isa = PBXFileReference; lastKnownFileType = image.png; path = bodegahead.png; sourceTree = "<group>"; };
		074DFF14182C7E0200D3C109 /* egret.png */ = {isa = PBXFileReference; lastKnownFileType = image.png; path = egret.png; sourceTree = "<group>"; };
		074DFF15182C7E0200D3C109 /* pinkprius.jpg */ = {isa = PBXFileReference; lastKnownFileType = image.jpeg; path = pinkprius.jpg; sourceTree = "<group>"; };
		074DFF16182C7E0200D3C109 /* betceemay.jpg */ = {isa = PBXFileReference; lastKnownFileType = image.jpeg; path = betceemay.jpg; sourceTree = "<group>"; };
		074DFF17182C7E0200D3C109 /* baby.jpg */ = {isa = PBXFileReference; lastKnownFileType = image.jpeg; path = baby.jpg; sourceTree = "<group>"; };
/* End PBXFileReference section */

/* Begin PBXFrameworksBuildPhase section */
		07083571182B74610013AFF5 /* Frameworks */ = {
			isa = PBXFrameworksBuildPhase;
			buildActionMask = 2147483647;
			files = (
				07083578182B74610013AFF5 /* UIKit.framework in Frameworks */,
				0708357A182B74620013AFF5 /* Foundation.framework in Frameworks */,
				0708357C182B74620013AFF5 /* CoreGraphics.framework in Frameworks */,
			);
			runOnlyForDeploymentPostprocessing = 0;
		};
/* End PBXFrameworksBuildPhase section */

/* Begin PBXGroup section */
		0708356B182B74610013AFF5 = {
			isa = PBXGroup;
			children = (
				074DFF12182C7E0200D3C109 /* danielle.jpg */,
				074DFF13182C7E0200D3C109 /* bodegahead.png */,
				074DFF14182C7E0200D3C109 /* egret.png */,
				074DFF15182C7E0200D3C109 /* pinkprius.jpg */,
				074DFF16182C7E0200D3C109 /* betceemay.jpg */,
				074DFF17182C7E0200D3C109 /* baby.jpg */,
				0708357D182B74620013AFF5 /* Newstest */,
				07083576182B74610013AFF5 /* Frameworks */,
				07083575182B74610013AFF5 /* Products */,
			);
			sourceTree = "<group>";
		};
		07083575182B74610013AFF5 /* Products */ = {
			isa = PBXGroup;
			children = (
				07083574182B74610013AFF5 /* Newstest.app */,
			);
			name = Products;
			sourceTree = "<group>";
		};
		07083576182B74610013AFF5 /* Frameworks */ = {
			isa = PBXGroup;
			children = (
				07083577182B74610013AFF5 /* UIKit.framework */,
				07083579182B74620013AFF5 /* Foundation.framework */,
				0708357B182B74620013AFF5 /* CoreGraphics.framework */,
			);
			name = Frameworks;
			sourceTree = "<group>";
		};
		0708357D182B74620013AFF5 /* Newstest */ = {
			isa = PBXGroup;
			children = (
				0708359D182B747C0013AFF5 /* PSCollectionView */,
				07083586182B74620013AFF5 /* travelAppDelegate.h */,
				07083587182B74620013AFF5 /* travelAppDelegate.m */,
				0708358F182B74620013AFF5 /* MainStoryboard_iPhone.storyboard */,
				07083592182B74620013AFF5 /* MainStoryboard_iPad.storyboard */,
				07083595182B74620013AFF5 /* travelViewController.h */,
				07083596182B74620013AFF5 /* travelViewController.m */,
				0708357E182B74620013AFF5 /* Supporting Files */,
			);
			path = Newstest;
			sourceTree = "<group>";
		};
		0708357E182B74620013AFF5 /* Supporting Files */ = {
			isa = PBXGroup;
			children = (
				0708357F182B74620013AFF5 /* Newstest-Info.plist */,
				07083580182B74620013AFF5 /* InfoPlist.strings */,
				07083583182B74620013AFF5 /* main.m */,
				07083585182B74620013AFF5 /* Newstest-Prefix.pch */,
				07083589182B74620013AFF5 /* Default.png */,
				0708358B182B74620013AFF5 /* Default@2x.png */,
				0708358D182B74620013AFF5 /* Default-568h@2x.png */,
			);
			name = "Supporting Files";
			sourceTree = "<group>";
		};
		0708359D182B747C0013AFF5 /* PSCollectionView */ = {
			isa = PBXGroup;
			children = (
				070835AD182B779B0013AFF5 /* CollectionViewCell.h */,
				070835AE182B779C0013AFF5 /* CollectionViewCell.m */,
				0708359E182B747C0013AFF5 /* .gitignore */,
				0708359F182B747C0013AFF5 /* LICENSE */,
				070835A0182B747C0013AFF5 /* PSCollectionView.h */,
				070835A1182B747C0013AFF5 /* PSCollectionView.m */,
				070835A2182B747C0013AFF5 /* PSCollectionViewCell.h */,
				070835A3182B747C0013AFF5 /* PSCollectionViewCell.m */,
				070835A4182B747C0013AFF5 /* README.md */,
			);
			path = PSCollectionView;
			sourceTree = "<group>";
		};
/* End PBXGroup section */

/* Begin PBXNativeTarget section */
		07083573182B74610013AFF5 /* Newstest */ = {
			isa = PBXNativeTarget;
			buildConfigurationList = 0708359A182B74620013AFF5 /* Build configuration list for PBXNativeTarget "Newstest" */;
			buildPhases = (
				07083570182B74610013AFF5 /* Sources */,
				07083571182B74610013AFF5 /* Frameworks */,
				07083572182B74610013AFF5 /* Resources */,
			);
			buildRules = (
			);
			dependencies = (
			);
			name = Newstest;
			productName = Newstest;
			productReference = 07083574182B74610013AFF5 /* Newstest.app */;
			productType = "com.apple.product-type.application";
		};
/* End PBXNativeTarget section */

/* Begin PBXProject section */
		0708356C182B74610013AFF5 /* Project object */ = {
			isa = PBXProject;
			attributes = {
				CLASSPREFIX = travel;
				LastUpgradeCheck = 0460;
				ORGANIZATIONNAME = Thainq;
			};
			buildConfigurationList = 0708356F182B74610013AFF5 /* Build configuration list for PBXProject "Newstest" */;
			compatibilityVersion = "Xcode 3.2";
			developmentRegion = English;
			hasScannedForEncodings = 0;
			knownRegions = (
				en,
			);
			mainGroup = 0708356B182B74610013AFF5;
			productRefGroup = 07083575182B74610013AFF5 /* Products */;
			projectDirPath = "";
			projectRoot = "";
			targets = (
				07083573182B74610013AFF5 /* Newstest */,
			);
		};
/* End PBXProject section */

/* Begin PBXResourcesBuildPhase section */
		07083572182B74610013AFF5 /* Resources */ = {
			isa = PBXResourcesBuildPhase;
			buildActionMask = 2147483647;
			files = (
				07083582182B74620013AFF5 /* InfoPlist.strings in Resources */,
				0708358A182B74620013AFF5 /* Default.png in Resources */,
				0708358C182B74620013AFF5 /* Default@2x.png in Resources */,
				0708358E182B74620013AFF5 /* Default-568h@2x.png in Resources */,
				07083591182B74620013AFF5 /* MainStoryboard_iPhone.storyboard in Resources */,
				07083594182B74620013AFF5 /* MainStoryboard_iPad.storyboard in Resources */,
				070835A5182B747D0013AFF5 /* .gitignore in Resources */,
				070835A6182B747D0013AFF5 /* LICENSE in Resources */,
				070835A9182B747D0013AFF5 /* README.md in Resources */,
				074DFF19182C7E0200D3C109 /* danielle.jpg in Resources */,
				074DFF1A182C7E0200D3C109 /* bodegahead.png in Resources */,
				074DFF1B182C7E0200D3C109 /* egret.png in Resources */,
				074DFF1C182C7E0200D3C109 /* pinkprius.jpg in Resources */,
				074DFF1D182C7E0200D3C109 /* betceemay.jpg in Resources */,
				074DFF1E182C7E0200D3C109 /* baby.jpg in Resources */,
			);
			runOnlyForDeploymentPostprocessing = 0;
		};
/* End PBXResourcesBuildPhase section */

/* Begin PBXSourcesBuildPhase section */
		07083570182B74610013AFF5 /* Sources */ = {
			isa = PBXSourcesBuildPhase;
			buildActionMask = 2147483647;
			files = (
				07083584182B74620013AFF5 /* main.m in Sources */,
				07083588182B74620013AFF5 /* travelAppDelegate.m in Sources */,
				07083597182B74620013AFF5 /* travelViewController.m in Sources */,
				070835A7182B747D0013AFF5 /* PSCollectionView.m in Sources */,
				070835A8182B747D0013AFF5 /* PSCollectionViewCell.m in Sources */,
				070835AF182B779C0013AFF5 /* CollectionViewCell.m in Sources */,
			);
			runOnlyForDeploymentPostprocessing = 0;
		};
/* End PBXSourcesBuildPhase section */

/* Begin PBXVariantGroup section */
		07083580182B74620013AFF5 /* InfoPlist.strings */ = {
			isa = PBXVariantGroup;
			children = (
				07083581182B74620013AFF5 /* en */,
			);
			name = InfoPlist.strings;
			sourceTree = "<group>";
		};
		0708358F182B74620013AFF5 /* MainStoryboard_iPhone.storyboard */ = {
			isa = PBXVariantGroup;
			children = (
				07083590182B74620013AFF5 /* en */,
			);
			name = MainStoryboard_iPhone.storyboard;
			sourceTree = "<group>";
		};
		07083592182B74620013AFF5 /* MainStoryboard_iPad.storyboard */ = {
			isa = PBXVariantGroup;
			children = (
				07083593182B74620013AFF5 /* en */,
			);
			name = MainStoryboard_iPad.storyboard;
			sourceTree = "<group>";
		};
/* End PBXVariantGroup section */

/* Begin XCBuildConfiguration section */
		07083598182B74620013AFF5 /* Debug */ = {
			isa = XCBuildConfiguration;
			buildSettings = {
				ALWAYS_SEARCH_USER_PATHS = NO;
				CLANG_CXX_LANGUAGE_STANDARD = "gnu++0x";
				CLANG_CXX_LIBRARY = "libc++";
				CLANG_ENABLE_OBJC_ARC = YES;
				CLANG_WARN_CONSTANT_CONVERSION = YES;
				CLANG_WARN_EMPTY_BODY = YES;
				CLANG_WARN_ENUM_CONVERSION = YES;
				CLANG_WARN_INT_CONVERSION = YES;
				CLANG_WARN__DUPLICATE_METHOD_MATCH = YES;
				"CODE_SIGN_IDENTITY[sdk=iphoneos*]" = "iPhone Developer";
				COPY_PHASE_STRIP = NO;
				GCC_C_LANGUAGE_STANDARD = gnu99;
				GCC_DYNAMIC_NO_PIC = NO;
				GCC_OPTIMIZATION_LEVEL = 0;
				GCC_PREPROCESSOR_DEFINITIONS = (
					"DEBUG=1",
					"$(inherited)",
				);
				GCC_SYMBOLS_PRIVATE_EXTERN = NO;
				GCC_WARN_ABOUT_RETURN_TYPE = YES;
				GCC_WARN_UNINITIALIZED_AUTOS = YES;
				GCC_WARN_UNUSED_VARIABLE = YES;
				IPHONEOS_DEPLOYMENT_TARGET = 6.1;
				ONLY_ACTIVE_ARCH = YES;
				SDKROOT = iphoneos;
				TARGETED_DEVICE_FAMILY = "1,2";
			};
			name = Debug;
		};
		07083599182B74620013AFF5 /* Release */ = {
			isa = XCBuildConfiguration;
			buildSettings = {
				ALWAYS_SEARCH_USER_PATHS = NO;
				CLANG_CXX_LANGUAGE_STANDARD = "gnu++0x";
				CLANG_CXX_LIBRARY = "libc++";
				CLANG_ENABLE_OBJC_ARC = YES;
				CLANG_WARN_CONSTANT_CONVERSION = YES;
				CLANG_WARN_EMPTY_BODY = YES;
				CLANG_WARN_ENUM_CONVERSION = YES;
				CLANG_WARN_INT_CONVERSION = YES;
				CLANG_WARN__DUPLICATE_METHOD_MATCH = YES;
				"CODE_SIGN_IDENTITY[sdk=iphoneos*]" = "iPhone Developer";
				COPY_PHASE_STRIP = YES;
				GCC_C_LANGUAGE_STANDARD = gnu99;
				GCC_WARN_ABOUT_RETURN_TYPE = YES;
				GCC_WARN_UNINITIALIZED_AUTOS = YES;
				GCC_WARN_UNUSED_VARIABLE = YES;
				IPHONEOS_DEPLOYMENT_TARGET = 6.1;
				OTHER_CFLAGS = "-DNS_BLOCK_ASSERTIONS=1";
				SDKROOT = iphoneos;
				TARGETED_DEVICE_FAMILY = "1,2";
				VALIDATE_PRODUCT = YES;
			};
			name = Release;
		};
		0708359B182B74620013AFF5 /* Debug */ = {
			isa = XCBuildConfiguration;
			buildSettings = {
				GCC_PRECOMPILE_PREFIX_HEADER = YES;
				GCC_PREFIX_HEADER = "Newstest/Newstest-Prefix.pch";
				INFOPLIST_FILE = "Newstest/Newstest-Info.plist";
				PRODUCT_NAME = "$(TARGET_NAME)";
				WRAPPER_EXTENSION = app;
			};
			name = Debug;
		};
		0708359C182B74620013AFF5 /* Release */ = {
			isa = XCBuildConfiguration;
			buildSettings = {
				GCC_PRECOMPILE_PREFIX_HEADER = YES;
				GCC_PREFIX_HEADER = "Newstest/Newstest-Prefix.pch";
				INFOPLIST_FILE = "Newstest/Newstest-Info.plist";
				PRODUCT_NAME = "$(TARGET_NAME)";
				WRAPPER_EXTENSION = app;
			};
			name = Release;
		};
/* End XCBuildConfiguration section */

/* Begin XCConfigurationList section */
		0708356F182B74610013AFF5 /* Build configuration list for PBXProject "Newstest" */ = {
			isa = XCConfigurationList;
			buildConfigurations = (
				07083598182B74620013AFF5 /* Debug */,
				07083599182B74620013AFF5 /* Release */,
			);
			defaultConfigurationIsVisible = 0;
			defaultConfigurationName = Release;
		};
		0708359A182B74620013AFF5 /* Build configuration list for PBXNativeTarget "Newstest" */ = {
			isa = XCConfigurationList;
			buildConfigurations = (
				0708359B182B74620013AFF5 /* Debug */,
				0708359C182B74620013AFF5 /* Release */,
			);
			defaultConfigurationIsVisible = 0;
			defaultConfigurationName = Release;
		};
/* End XCConfigurationList section */
	};
	rootObject = 0708356C182B74610013AFF5 /* Project object */;
}
